
Microsoft Visual Studio Solution File, Format Version 12.00
# Visual Studio 14
VisualStudioVersion = 14.0.25420.1
MinimumVisualStudioVersion = 10.0.40219.1
Project("{F2A71F9B-5D33-465A-A702-920D77279786}") = "FSharpTest1", "FSharpTest1\FSharpTest1.fsproj", "{4A17CD1F-5FFC-469D-AEA8-12313F798A15}"
EndProject
Project("{F2A71F9B-5D33-465A-A702-920D77279786}") = "FSharpTest2", "FSharpTest2\FSharpTest2.fsproj", "{7A2AFB38-5073-4DAA-9590-41A1A2D79FD1}"
EndProject
Project("{F2A71F9B-5D33-465A-A702-920D77279786}") = "FSharpTest3", "FSharpTest3\FSharpTest3.fsproj", "{945D3258-2550-4FD4-8127-A4B8C950876A}"
EndProject
Project("{F2A71F9B-5D33-465A-A702-920D77279786}") = "FSharpTest4", "FSharpTest4\FSharpTest4.fsproj", "{84F0C027-B1D8-4B64-B117-316E6188EE2B}"
EndProject
Project("{F2A71F9B-5D33-465A-A702-920D77279786}") = "FSharpTest5", "FSharpTest5\FSharpTest5.fsproj", "{B6CB06B3-A130-429B-B5C1-8F07F9656053}"
EndProject
Project("{F2A71F9B-5D33-465A-A702-920D77279786}") = "FSharpTest6", "FSharpTest6\FSharpTest6.fsproj", "{3A751D0F-7415-4C86-B0EC-B8C0B0A96885}"
EndProject
Project("{F2A71F9B-5D33-465A-A702-920D77279786}") = "FSharpTest7", "FSharpTest7\FSharpTest7.fsproj", "{AA2993E1-8ACC-47BC-B01A-7DFFE7E44B54}"
EndProject
Project("{F2A71F9B-5D33-465A-A702-920D77279786}") = "FSharpTest8", "FSharpTest8\FSharpTest8.fsproj", "{1920C1E5-E915-467F-B7A5-7615605F0E39}"
EndProject
Project("{F2A71F9B-5D33-465A-A702-920D77279786}") = "FSharpTest9", "FSharpTest9\FSharpTest9.fsproj", "{07881E4B-D88B-4127-8C3D-D80EED466D8C}"
EndProject
Project("{F2A71F9B-5D33-465A-A702-920D77279786}") = "FSharpTest10", "FSharpTest10\FSharpTest10.fsproj", "{D818700C-B716-4FE0-9DDD-8BA6F0FB8616}"
EndProject
Project("{F2A71F9B-5D33-465A-A702-920D77279786}") = "FSharpTest11", "FSharpTest11\FSharpTest11.fsproj", "{DAF40C53-0459-40BC-9A7C-845127F21B88}"
EndProject
Project("{F2A71F9B-5D33-465A-A702-920D77279786}") = "FSharpTest12", "FSharpTest12\FSharpTest12.fsproj", "{99D03860-5DD1-47B8-8F25-2867E6DEDE36}"
EndProject
Project("{F2A71F9B-5D33-465A-A702-920D77279786}") = "FSharpTest13", "FSharpTest13\FSharpTest13.fsproj", "{8A550D53-6C05-4973-868A-C59AC009B96E}"
EndProject
Project("{F2A71F9B-5D33-465A-A702-920D77279786}") = "FSharpTest14", "FSharpTest14\FSharpTest14.fsproj", "{7A0C6F0F-FA20-4166-982B-7FF3961DC75A}"
EndProject
Project("{F2A71F9B-5D33-465A-A702-920D77279786}") = "FSharpTest15", "FSharpTest15\FSharpTest15.fsproj", "{CF1EFEC2-A894-4052-AE26-A478345009D9}"
EndProject
Project("{F2A71F9B-5D33-465A-A702-920D77279786}") = "FSharpTest16", "FSharpTest16\FSharpTest16.fsproj", "{D982BFF7-16CD-4264-AF23-DEF529D878F0}"
EndProject
Project("{F2A71F9B-5D33-465A-A702-920D77279786}") = "FSharpTest17", "FSharpTest17\FSharpTest17.fsproj", "{6B388EC0-4338-4BE3-BB9B-17AE22078563}"
EndProject
Project("{F2A71F9B-5D33-465A-A702-920D77279786}") = "FSharpTest18", "FSharpTest18\FSharpTest18.fsproj", "{9794B514-94B5-49A3-9FF8-4D68367C9AC9}"
EndProject
Project("{F2A71F9B-5D33-465A-A702-920D77279786}") = "FSharpTest19", "FSharpTest19\FSharpTest19.fsproj", "{5E2AB3F2-AFC2-4CE2-8FC7-33AD5F785D5A}"
EndProject
Project("{F2A71F9B-5D33-465A-A702-920D77279786}") = "FSharpTest20", "FSharpTest20\FSharpTest20.fsproj", "{3BB7F2FC-2B8B-4FC1-AFFC-E66C50614244}"
EndProject
Project("{F2A71F9B-5D33-465A-A702-920D77279786}") = "FSharpTest21", "FSharpTest21\FSharpTest21.fsproj", "{1BCB0485-1E5E-4CB7-B544-4B6F48B2CD44}"
EndProject
Project("{F2A71F9B-5D33-465A-A702-920D77279786}") = "FSharpTest22", "FSharpTest22\FSharpTest22.fsproj", "{81591314-F5CE-44F3-84A9-9C39538FA132}"
EndProject
Project("{F2A71F9B-5D33-465A-A702-920D77279786}") = "FSharpTest23", "FSharpTest23\FSharpTest23.fsproj", "{31DF2AA7-FCEE-4496-9C7C-A4C6BA6512A2}"
EndProject
Project("{F2A71F9B-5D33-465A-A702-920D77279786}") = "FSharpTest24", "FSharpTest24\FSharpTest24.fsproj", "{1D6D8F9E-BAE2-4C56-83E9-9F78564BF1B4}"
EndProject
Project("{F2A71F9B-5D33-465A-A702-920D77279786}") = "FSharpTest25", "FSharpTest25\FSharpTest25.fsproj", "{951546C7-F20C-4C5D-8B2A-37579BD08E8A}"
EndProject
Project("{F2A71F9B-5D33-465A-A702-920D77279786}") = "FSharpTest26", "FSharpTest26\FSharpTest26.fsproj", "{C9DE2AB9-499D-413E-A58C-FFB6B66AE7DF}"
EndProject
Project("{F2A71F9B-5D33-465A-A702-920D77279786}") = "FSharpTest27", "FSharpTest27\FSharpTest27.fsproj", "{E73D2613-3D24-4BB9-9F35-7E315464E8DA}"
EndProject
Project("{F2A71F9B-5D33-465A-A702-920D77279786}") = "FSharpTest28", "FSharpTest28\FSharpTest28.fsproj", "{DB262EB3-16FD-4B50-8257-6FF67468BBC7}"
EndProject
Project("{F2A71F9B-5D33-465A-A702-920D77279786}") = "FSharpTest29", "FSharpTest29\FSharpTest29.fsproj", "{B236F190-13BB-4121-B240-D3D28D7A7825}"
EndProject
Project("{F2A71F9B-5D33-465A-A702-920D77279786}") = "FSharpTest30", "FSharpTest30\FSharpTest30.fsproj", "{C19442D7-84A7-4213-B78A-374179B23349}"
EndProject
Project("{F2A71F9B-5D33-465A-A702-920D77279786}") = "FSharpTest31", "FSharpTest31\FSharpTest31.fsproj", "{F5A116AA-6F8F-4D0D-9248-8286202DD1AE}"
EndProject
Project("{F2A71F9B-5D33-465A-A702-920D77279786}") = "FSharpTest32", "FSharpTest32\FSharpTest32.fsproj", "{7B6D10CF-3295-443F-A3DE-3C298AD360E2}"
EndProject
Project("{F2A71F9B-5D33-465A-A702-920D77279786}") = "FSharpTest33", "FSharpTest33\FSharpTest33.fsproj", "{B428D5EF-9F40-4E1F-8233-A25F19A9AC5B}"
EndProject
Project("{F2A71F9B-5D33-465A-A702-920D77279786}") = "FSharpTest34", "FSharpTest34\FSharpTest34.fsproj", "{A4E15180-81DF-491C-872A-A6B20974CB7D}"
EndProject
Project("{F2A71F9B-5D33-465A-A702-920D77279786}") = "FSharpTest35", "FSharpTest35\FSharpTest35.fsproj", "{F24282E5-A2BA-489F-B5D9-A524648DC428}"
EndProject
Project("{F2A71F9B-5D33-465A-A702-920D77279786}") = "FSharpTest36", "FSharpTest36\FSharpTest36.fsproj", "{E6C465AB-089C-4054-94BE-0C66387F4CF2}"
EndProject
Project("{F2A71F9B-5D33-465A-A702-920D77279786}") = "FSharpTest37", "FSharpTest37\FSharpTest37.fsproj", "{28DD4F1A-4B10-4BA6-A0B0-C84A76BCAEAE}"
EndProject
Project("{F2A71F9B-5D33-465A-A702-920D77279786}") = "FSharpTest38", "FSharpTest38\FSharpTest38.fsproj", "{5B2AC5A8-F7FC-4066-808E-E4FF2FD0B064}"
EndProject
Project("{F2A71F9B-5D33-465A-A702-920D77279786}") = "FSharpTest39", "FSharpTest39\FSharpTest39.fsproj", "{6A790133-4CE4-44E0-96A1-C5EA0605BE9D}"
EndProject
Project("{F2A71F9B-5D33-465A-A702-920D77279786}") = "FSharpTest40", "FSharpTest40\FSharpTest40.fsproj", "{F1DC9D9D-55A2-4113-B81C-35709E74A41F}"
EndProject
Project("{F2A71F9B-5D33-465A-A702-920D77279786}") = "FSharpTest41", "FSharpTest41\FSharpTest41.fsproj", "{40107D6A-9835-4031-AD40-D4A25158BAB1}"
EndProject
Project("{F2A71F9B-5D33-465A-A702-920D77279786}") = "FSharpTest42", "FSharpTest42\FSharpTest42.fsproj", "{1EED2D71-FC50-435E-9F5C-22AA6C5A3563}"
EndProject
Project("{F2A71F9B-5D33-465A-A702-920D77279786}") = "FSharpTest43", "FSharpTest43\FSharpTest43.fsproj", "{CE4E6256-31C7-402A-A7C9-5EA89552E849}"
EndProject
Project("{F2A71F9B-5D33-465A-A702-920D77279786}") = "FSharpTest44", "FSharpTest44\FSharpTest44.fsproj", "{326364C3-7663-41A5-80DE-A502042BBE46}"
EndProject
Project("{F2A71F9B-5D33-465A-A702-920D77279786}") = "FSharpTest45", "FSharpTest45\FSharpTest45.fsproj", "{B1455646-7D11-4462-ABB4-1A7E55BA3750}"
EndProject
Project("{F2A71F9B-5D33-465A-A702-920D77279786}") = "FSharpTest46", "FSharpTest46\FSharpTest46.fsproj", "{A87E3089-BFCC-4EA7-BA51-4D6EB03DB053}"
EndProject
Project("{F2A71F9B-5D33-465A-A702-920D77279786}") = "FSharpTest47", "FSharpTest47\FSharpTest47.fsproj", "{0DBA225A-E142-41FE-B904-8B728DBC08FD}"
EndProject
Project("{F2A71F9B-5D33-465A-A702-920D77279786}") = "FSharpTest48", "FSharpTest48\FSharpTest48.fsproj", "{95DBD442-2781-4E72-BFAE-F78AE0605FDC}"
EndProject
Project("{F2A71F9B-5D33-465A-A702-920D77279786}") = "FSharpTest49", "FSharpTest49\FSharpTest49.fsproj", "{93F7ED9A-BC10-4999-BDE1-09302A3150DA}"
EndProject
Project("{F2A71F9B-5D33-465A-A702-920D77279786}") = "FSharpTest50", "FSharpTest50\FSharpTest50.fsproj", "{3B41752E-D6EF-4E6F-B92D-79AB595531CA}"
EndProject
Project("{F2A71F9B-5D33-465A-A702-920D77279786}") = "FSharpTest51", "FSharpTest51\FSharpTest51.fsproj", "{9362A677-7CE1-46C6-8F40-D7AC5940B8CD}"
EndProject
Project("{F2A71F9B-5D33-465A-A702-920D77279786}") = "FSharpTest52", "FSharpTest52\FSharpTest52.fsproj", "{FCE0A5AE-087D-4AA3-99DC-EF513384FCEC}"
EndProject
Project("{F2A71F9B-5D33-465A-A702-920D77279786}") = "FSharpTest53", "FSharpTest53\FSharpTest53.fsproj", "{F74CA113-7A48-4241-8158-FAF87C078E86}"
EndProject
Project("{F2A71F9B-5D33-465A-A702-920D77279786}") = "FSharpTest54", "FSharpTest54\FSharpTest54.fsproj", "{596A5749-9726-4063-ADE9-08AE7241A89C}"
EndProject
Project("{F2A71F9B-5D33-465A-A702-920D77279786}") = "FSharpTest55", "FSharpTest55\FSharpTest55.fsproj", "{35B27814-9A38-4795-AF5C-2298F312485E}"
EndProject
Project("{F2A71F9B-5D33-465A-A702-920D77279786}") = "FSharpTest56", "FSharpTest56\FSharpTest56.fsproj", "{54D51B00-09DF-4E6B-9A33-7988DBF72C91}"
EndProject
Project("{F2A71F9B-5D33-465A-A702-920D77279786}") = "FSharpTest57", "FSharpTest57\FSharpTest57.fsproj", "{E52D047D-7DF4-4595-89F7-705A60E0AC5B}"
EndProject
Project("{F2A71F9B-5D33-465A-A702-920D77279786}") = "FSharpTest58", "FSharpTest58\FSharpTest58.fsproj", "{9833CE2A-6998-473F-859B-2748135F6C5F}"
EndProject
Project("{F2A71F9B-5D33-465A-A702-920D77279786}") = "FSharpTest59", "FSharpTest59\FSharpTest59.fsproj", "{A1FF6AC0-CFDD-420F-9A31-B02C8A6E48D3}"
EndProject
Project("{F2A71F9B-5D33-465A-A702-920D77279786}") = "FSharpTest60", "FSharpTest60\FSharpTest60.fsproj", "{1889E995-F63F-4ABB-9011-E6F49DBF89FA}"
EndProject
Project("{F2A71F9B-5D33-465A-A702-920D77279786}") = "FSharpTest61", "FSharpTest61\FSharpTest61.fsproj", "{E2F75400-C700-43C8-9424-7D2E0F5F09EE}"
EndProject
Project("{F2A71F9B-5D33-465A-A702-920D77279786}") = "FSharpTest62", "FSharpTest62\FSharpTest62.fsproj", "{AF08BC5C-9605-494B-AFD7-18833E79F328}"
EndProject
Project("{F2A71F9B-5D33-465A-A702-920D77279786}") = "FSharpTest63", "FSharpTest63\FSharpTest63.fsproj", "{60410242-0D29-482A-AB57-79EAE33BFA90}"
EndProject
Project("{F2A71F9B-5D33-465A-A702-920D77279786}") = "FSharpTest64", "FSharpTest64\FSharpTest64.fsproj", "{37C30A18-3166-4741-96E4-24A7D2F66DEB}"
EndProject
Project("{F2A71F9B-5D33-465A-A702-920D77279786}") = "FSharpTest65", "FSharpTest65\FSharpTest65.fsproj", "{825A542B-6AAD-4005-B223-41E93AE66031}"
EndProject
Project("{F2A71F9B-5D33-465A-A702-920D77279786}") = "FSharpTest66", "FSharpTest66\FSharpTest66.fsproj", "{66F7F58A-584A-442F-9A42-BB656CD8931F}"
EndProject
Project("{F2A71F9B-5D33-465A-A702-920D77279786}") = "FSharpTest67", "FSharpTest67\FSharpTest67.fsproj", "{6F3D0DA1-C0B2-425B-B35B-EEBD94E40D71}"
EndProject
Project("{F2A71F9B-5D33-465A-A702-920D77279786}") = "FSharpTest68", "FSharpTest68\FSharpTest68.fsproj", "{7009FED0-06B7-4C28-88AF-95F45C9F9034}"
EndProject
Project("{F2A71F9B-5D33-465A-A702-920D77279786}") = "FSharpTest69", "FSharpTest69\FSharpTest69.fsproj", "{5638CFE6-D24B-428A-B7FA-EE93C243B387}"
EndProject
Project("{F2A71F9B-5D33-465A-A702-920D77279786}") = "FSharpTest70", "FSharpTest70\FSharpTest70.fsproj", "{C0F8008A-05AD-4B3E-812C-57B6F04A2013}"
EndProject
Project("{F2A71F9B-5D33-465A-A702-920D77279786}") = "FSharpTest71", "FSharpTest71\FSharpTest71.fsproj", "{1C0F025C-41D2-4002-8BD3-AF39AB8A7BF9}"
EndProject
Project("{F2A71F9B-5D33-465A-A702-920D77279786}") = "FSharpTest72", "FSharpTest72\FSharpTest72.fsproj", "{74006880-3840-437A-9981-1AADA5D13008}"
EndProject
Project("{F2A71F9B-5D33-465A-A702-920D77279786}") = "FSharpTest73", "FSharpTest73\FSharpTest73.fsproj", "{9319084F-6E77-409B-9E98-57B2E3DC66DC}"
EndProject
Project("{F2A71F9B-5D33-465A-A702-920D77279786}") = "FSharpTest74", "FSharpTest74\FSharpTest74.fsproj", "{FD8CF11D-E4E7-428E-8577-0E16D595437C}"
EndProject
Project("{F2A71F9B-5D33-465A-A702-920D77279786}") = "FSharpTest75", "FSharpTest75\FSharpTest75.fsproj", "{821B20DE-A02D-4567-8D7C-703C4D71CC39}"
EndProject
Project("{F2A71F9B-5D33-465A-A702-920D77279786}") = "FSharpTest76", "FSharpTest76\FSharpTest76.fsproj", "{E130963F-ED46-4FB3-85EA-2D8527ADBFE1}"
EndProject
Project("{F2A71F9B-5D33-465A-A702-920D77279786}") = "FSharpTest77", "FSharpTest77\FSharpTest77.fsproj", "{DEDE7CE8-96E2-43F7-9508-15BB844B5699}"
EndProject
Project("{F2A71F9B-5D33-465A-A702-920D77279786}") = "FSharpTest78", "FSharpTest78\FSharpTest78.fsproj", "{DCDC3DEF-DA89-4CA9-B964-1F8B598A8830}"
EndProject
Project("{F2A71F9B-5D33-465A-A702-920D77279786}") = "FSharpTest79", "FSharpTest79\FSharpTest79.fsproj", "{437960EE-24CE-4B75-8A4D-19E1091CE8C0}"
EndProject
Project("{F2A71F9B-5D33-465A-A702-920D77279786}") = "FSharpTest80", "FSharpTest80\FSharpTest80.fsproj", "{A2A12D34-4E06-49A9-8069-86F92CB6F20C}"
EndProject
Project("{F2A71F9B-5D33-465A-A702-920D77279786}") = "FSharpTest81", "FSharpTest81\FSharpTest81.fsproj", "{C0D5A286-8A76-478C-B25F-378542532732}"
EndProject
Project("{F2A71F9B-5D33-465A-A702-920D77279786}") = "FSharpTest82", "FSharpTest82\FSharpTest82.fsproj", "{FD28E3D1-CCB2-4E3A-B4C9-07BB037CD963}"
EndProject
Project("{F2A71F9B-5D33-465A-A702-920D77279786}") = "FSharpTest83", "FSharpTest83\FSharpTest83.fsproj", "{7A836C9F-C1FE-4963-85B9-2E358E7944C9}"
EndProject
Project("{F2A71F9B-5D33-465A-A702-920D77279786}") = "FSharpTest84", "FSharpTest84\FSharpTest84.fsproj", "{E373F9F4-B06E-4B18-A8B1-E220ECA4CD14}"
EndProject
Project("{F2A71F9B-5D33-465A-A702-920D77279786}") = "FSharpTest85", "FSharpTest85\FSharpTest85.fsproj", "{F10480B2-C973-46EE-BE11-B60369FD4028}"
EndProject
Project("{F2A71F9B-5D33-465A-A702-920D77279786}") = "FSharpTest86", "FSharpTest86\FSharpTest86.fsproj", "{6C9B1467-99D0-41C4-80AF-552AB428697F}"
EndProject
Project("{F2A71F9B-5D33-465A-A702-920D77279786}") = "FSharpTest87", "FSharpTest87\FSharpTest87.fsproj", "{B20EF23D-25C2-40DC-9254-44C001950914}"
EndProject
Project("{F2A71F9B-5D33-465A-A702-920D77279786}") = "FSharpTest88", "FSharpTest88\FSharpTest88.fsproj", "{670DAF90-8059-4C85-9890-51878F366A60}"
EndProject
Project("{F2A71F9B-5D33-465A-A702-920D77279786}") = "FSharpTest89", "FSharpTest89\FSharpTest89.fsproj", "{ECC2A821-0CA7-4AFB-A43D-1236FD550800}"
EndProject
Project("{F2A71F9B-5D33-465A-A702-920D77279786}") = "FSharpTest90", "FSharpTest90\FSharpTest90.fsproj", "{9A2F086A-FA68-46F6-8622-B793E4842322}"
EndProject
Project("{F2A71F9B-5D33-465A-A702-920D77279786}") = "FSharpTest91", "FSharpTest91\FSharpTest91.fsproj", "{D37CB684-D0CC-44C6-A09D-9715B542B501}"
EndProject
Project("{F2A71F9B-5D33-465A-A702-920D77279786}") = "FSharpTest92", "FSharpTest92\FSharpTest92.fsproj", "{8CAE2B33-9CF6-4E70-80E2-D9AA6DD3C73C}"
EndProject
Project("{F2A71F9B-5D33-465A-A702-920D77279786}") = "FSharpTest93", "FSharpTest93\FSharpTest93.fsproj", "{702D3756-C8B7-4356-87BF-BA2A74F5B6D1}"
EndProject
Project("{F2A71F9B-5D33-465A-A702-920D77279786}") = "FSharpTest94", "FSharpTest94\FSharpTest94.fsproj", "{2D36BB01-4895-42D1-B633-9FE90141F1D4}"
EndProject
Project("{F2A71F9B-5D33-465A-A702-920D77279786}") = "FSharpTest95", "FSharpTest95\FSharpTest95.fsproj", "{FE5638FE-E4DB-44AB-BD91-03200C88C409}"
EndProject
Project("{F2A71F9B-5D33-465A-A702-920D77279786}") = "FSharpTest96", "FSharpTest96\FSharpTest96.fsproj", "{50A42CD2-9292-477D-87CA-F79E6818FDE6}"
EndProject
Project("{F2A71F9B-5D33-465A-A702-920D77279786}") = "FSharpTest97", "FSharpTest97\FSharpTest97.fsproj", "{43CD668C-9472-452F-9D78-11E90D4F1286}"
EndProject
Project("{F2A71F9B-5D33-465A-A702-920D77279786}") = "FSharpTest98", "FSharpTest98\FSharpTest98.fsproj", "{DFB44758-9585-435B-860E-CC770ADF9628}"
EndProject
Project("{F2A71F9B-5D33-465A-A702-920D77279786}") = "FSharpTest99", "FSharpTest99\FSharpTest99.fsproj", "{B252F9DA-0BBC-4ECB-AD3D-08013123B6A0}"
EndProject
Project("{F2A71F9B-5D33-465A-A702-920D77279786}") = "FSharpTest100", "FSharpTest100\FSharpTest100.fsproj", "{9C299721-D80A-4DF3-AC75-1D26528097D3}"
EndProject
Global
	GlobalSection(SolutionConfigurationPlatforms) = preSolution
		Debug|Any CPU = Debug|Any CPU
		Release|Any CPU = Release|Any CPU
	EndGlobalSection
	GlobalSection(ProjectConfigurationPlatforms) = postSolution
		{4A17CD1F-5FFC-469D-AEA8-12313F798A15}.Debug|Any CPU.ActiveCfg = Debug|Any CPU
		{4A17CD1F-5FFC-469D-AEA8-12313F798A15}.Debug|Any CPU.Build.0 = Debug|Any CPU
		{4A17CD1F-5FFC-469D-AEA8-12313F798A15}.Release|Any CPU.ActiveCfg = Release|Any CPU
		{4A17CD1F-5FFC-469D-AEA8-12313F798A15}.Release|Any CPU.Build.0 = Release|Any CPU
		{7A2AFB38-5073-4DAA-9590-41A1A2D79FD1}.Debug|Any CPU.ActiveCfg = Debug|Any CPU
		{7A2AFB38-5073-4DAA-9590-41A1A2D79FD1}.Debug|Any CPU.Build.0 = Debug|Any CPU
		{7A2AFB38-5073-4DAA-9590-41A1A2D79FD1}.Release|Any CPU.ActiveCfg = Release|Any CPU
		{7A2AFB38-5073-4DAA-9590-41A1A2D79FD1}.Release|Any CPU.Build.0 = Release|Any CPU
		{945D3258-2550-4FD4-8127-A4B8C950876A}.Debug|Any CPU.ActiveCfg = Debug|Any CPU
		{945D3258-2550-4FD4-8127-A4B8C950876A}.Debug|Any CPU.Build.0 = Debug|Any CPU
		{945D3258-2550-4FD4-8127-A4B8C950876A}.Release|Any CPU.ActiveCfg = Release|Any CPU
		{945D3258-2550-4FD4-8127-A4B8C950876A}.Release|Any CPU.Build.0 = Release|Any CPU
		{84F0C027-B1D8-4B64-B117-316E6188EE2B}.Debug|Any CPU.ActiveCfg = Debug|Any CPU
		{84F0C027-B1D8-4B64-B117-316E6188EE2B}.Debug|Any CPU.Build.0 = Debug|Any CPU
		{84F0C027-B1D8-4B64-B117-316E6188EE2B}.Release|Any CPU.ActiveCfg = Release|Any CPU
		{84F0C027-B1D8-4B64-B117-316E6188EE2B}.Release|Any CPU.Build.0 = Release|Any CPU
		{B6CB06B3-A130-429B-B5C1-8F07F9656053}.Debug|Any CPU.ActiveCfg = Debug|Any CPU
		{B6CB06B3-A130-429B-B5C1-8F07F9656053}.Debug|Any CPU.Build.0 = Debug|Any CPU
		{B6CB06B3-A130-429B-B5C1-8F07F9656053}.Release|Any CPU.ActiveCfg = Release|Any CPU
		{B6CB06B3-A130-429B-B5C1-8F07F9656053}.Release|Any CPU.Build.0 = Release|Any CPU
		{3A751D0F-7415-4C86-B0EC-B8C0B0A96885}.Debug|Any CPU.ActiveCfg = Debug|Any CPU
		{3A751D0F-7415-4C86-B0EC-B8C0B0A96885}.Debug|Any CPU.Build.0 = Debug|Any CPU
		{3A751D0F-7415-4C86-B0EC-B8C0B0A96885}.Release|Any CPU.ActiveCfg = Release|Any CPU
		{3A751D0F-7415-4C86-B0EC-B8C0B0A96885}.Release|Any CPU.Build.0 = Release|Any CPU
		{AA2993E1-8ACC-47BC-B01A-7DFFE7E44B54}.Debug|Any CPU.ActiveCfg = Debug|Any CPU
		{AA2993E1-8ACC-47BC-B01A-7DFFE7E44B54}.Debug|Any CPU.Build.0 = Debug|Any CPU
		{AA2993E1-8ACC-47BC-B01A-7DFFE7E44B54}.Release|Any CPU.ActiveCfg = Release|Any CPU
		{AA2993E1-8ACC-47BC-B01A-7DFFE7E44B54}.Release|Any CPU.Build.0 = Release|Any CPU
		{1920C1E5-E915-467F-B7A5-7615605F0E39}.Debug|Any CPU.ActiveCfg = Debug|Any CPU
		{1920C1E5-E915-467F-B7A5-7615605F0E39}.Debug|Any CPU.Build.0 = Debug|Any CPU
		{1920C1E5-E915-467F-B7A5-7615605F0E39}.Release|Any CPU.ActiveCfg = Release|Any CPU
		{1920C1E5-E915-467F-B7A5-7615605F0E39}.Release|Any CPU.Build.0 = Release|Any CPU
		{07881E4B-D88B-4127-8C3D-D80EED466D8C}.Debug|Any CPU.ActiveCfg = Debug|Any CPU
		{07881E4B-D88B-4127-8C3D-D80EED466D8C}.Debug|Any CPU.Build.0 = Debug|Any CPU
		{07881E4B-D88B-4127-8C3D-D80EED466D8C}.Release|Any CPU.ActiveCfg = Release|Any CPU
		{07881E4B-D88B-4127-8C3D-D80EED466D8C}.Release|Any CPU.Build.0 = Release|Any CPU
		{D818700C-B716-4FE0-9DDD-8BA6F0FB8616}.Debug|Any CPU.ActiveCfg = Debug|Any CPU
		{D818700C-B716-4FE0-9DDD-8BA6F0FB8616}.Debug|Any CPU.Build.0 = Debug|Any CPU
		{D818700C-B716-4FE0-9DDD-8BA6F0FB8616}.Release|Any CPU.ActiveCfg = Release|Any CPU
		{D818700C-B716-4FE0-9DDD-8BA6F0FB8616}.Release|Any CPU.Build.0 = Release|Any CPU
		{DAF40C53-0459-40BC-9A7C-845127F21B88}.Debug|Any CPU.ActiveCfg = Debug|Any CPU
		{DAF40C53-0459-40BC-9A7C-845127F21B88}.Debug|Any CPU.Build.0 = Debug|Any CPU
		{DAF40C53-0459-40BC-9A7C-845127F21B88}.Release|Any CPU.ActiveCfg = Release|Any CPU
		{DAF40C53-0459-40BC-9A7C-845127F21B88}.Release|Any CPU.Build.0 = Release|Any CPU
		{99D03860-5DD1-47B8-8F25-2867E6DEDE36}.Debug|Any CPU.ActiveCfg = Debug|Any CPU
		{99D03860-5DD1-47B8-8F25-2867E6DEDE36}.Debug|Any CPU.Build.0 = Debug|Any CPU
		{99D03860-5DD1-47B8-8F25-2867E6DEDE36}.Release|Any CPU.ActiveCfg = Release|Any CPU
		{99D03860-5DD1-47B8-8F25-2867E6DEDE36}.Release|Any CPU.Build.0 = Release|Any CPU
		{8A550D53-6C05-4973-868A-C59AC009B96E}.Debug|Any CPU.ActiveCfg = Debug|Any CPU
		{8A550D53-6C05-4973-868A-C59AC009B96E}.Debug|Any CPU.Build.0 = Debug|Any CPU
		{8A550D53-6C05-4973-868A-C59AC009B96E}.Release|Any CPU.ActiveCfg = Release|Any CPU
		{8A550D53-6C05-4973-868A-C59AC009B96E}.Release|Any CPU.Build.0 = Release|Any CPU
		{7A0C6F0F-FA20-4166-982B-7FF3961DC75A}.Debug|Any CPU.ActiveCfg = Debug|Any CPU
		{7A0C6F0F-FA20-4166-982B-7FF3961DC75A}.Debug|Any CPU.Build.0 = Debug|Any CPU
		{7A0C6F0F-FA20-4166-982B-7FF3961DC75A}.Release|Any CPU.ActiveCfg = Release|Any CPU
		{7A0C6F0F-FA20-4166-982B-7FF3961DC75A}.Release|Any CPU.Build.0 = Release|Any CPU
		{CF1EFEC2-A894-4052-AE26-A478345009D9}.Debug|Any CPU.ActiveCfg = Debug|Any CPU
		{CF1EFEC2-A894-4052-AE26-A478345009D9}.Debug|Any CPU.Build.0 = Debug|Any CPU
		{CF1EFEC2-A894-4052-AE26-A478345009D9}.Release|Any CPU.ActiveCfg = Release|Any CPU
		{CF1EFEC2-A894-4052-AE26-A478345009D9}.Release|Any CPU.Build.0 = Release|Any CPU
		{D982BFF7-16CD-4264-AF23-DEF529D878F0}.Debug|Any CPU.ActiveCfg = Debug|Any CPU
		{D982BFF7-16CD-4264-AF23-DEF529D878F0}.Debug|Any CPU.Build.0 = Debug|Any CPU
		{D982BFF7-16CD-4264-AF23-DEF529D878F0}.Release|Any CPU.ActiveCfg = Release|Any CPU
		{D982BFF7-16CD-4264-AF23-DEF529D878F0}.Release|Any CPU.Build.0 = Release|Any CPU
		{6B388EC0-4338-4BE3-BB9B-17AE22078563}.Debug|Any CPU.ActiveCfg = Debug|Any CPU
		{6B388EC0-4338-4BE3-BB9B-17AE22078563}.Debug|Any CPU.Build.0 = Debug|Any CPU
		{6B388EC0-4338-4BE3-BB9B-17AE22078563}.Release|Any CPU.ActiveCfg = Release|Any CPU
		{6B388EC0-4338-4BE3-BB9B-17AE22078563}.Release|Any CPU.Build.0 = Release|Any CPU
		{9794B514-94B5-49A3-9FF8-4D68367C9AC9}.Debug|Any CPU.ActiveCfg = Debug|Any CPU
		{9794B514-94B5-49A3-9FF8-4D68367C9AC9}.Debug|Any CPU.Build.0 = Debug|Any CPU
		{9794B514-94B5-49A3-9FF8-4D68367C9AC9}.Release|Any CPU.ActiveCfg = Release|Any CPU
		{9794B514-94B5-49A3-9FF8-4D68367C9AC9}.Release|Any CPU.Build.0 = Release|Any CPU
		{5E2AB3F2-AFC2-4CE2-8FC7-33AD5F785D5A}.Debug|Any CPU.ActiveCfg = Debug|Any CPU
		{5E2AB3F2-AFC2-4CE2-8FC7-33AD5F785D5A}.Debug|Any CPU.Build.0 = Debug|Any CPU
		{5E2AB3F2-AFC2-4CE2-8FC7-33AD5F785D5A}.Release|Any CPU.ActiveCfg = Release|Any CPU
		{5E2AB3F2-AFC2-4CE2-8FC7-33AD5F785D5A}.Release|Any CPU.Build.0 = Release|Any CPU
		{3BB7F2FC-2B8B-4FC1-AFFC-E66C50614244}.Debug|Any CPU.ActiveCfg = Debug|Any CPU
		{3BB7F2FC-2B8B-4FC1-AFFC-E66C50614244}.Debug|Any CPU.Build.0 = Debug|Any CPU
		{3BB7F2FC-2B8B-4FC1-AFFC-E66C50614244}.Release|Any CPU.ActiveCfg = Release|Any CPU
		{3BB7F2FC-2B8B-4FC1-AFFC-E66C50614244}.Release|Any CPU.Build.0 = Release|Any CPU
		{1BCB0485-1E5E-4CB7-B544-4B6F48B2CD44}.Debug|Any CPU.ActiveCfg = Debug|Any CPU
		{1BCB0485-1E5E-4CB7-B544-4B6F48B2CD44}.Debug|Any CPU.Build.0 = Debug|Any CPU
		{1BCB0485-1E5E-4CB7-B544-4B6F48B2CD44}.Release|Any CPU.ActiveCfg = Release|Any CPU
		{1BCB0485-1E5E-4CB7-B544-4B6F48B2CD44}.Release|Any CPU.Build.0 = Release|Any CPU
		{81591314-F5CE-44F3-84A9-9C39538FA132}.Debug|Any CPU.ActiveCfg = Debug|Any CPU
		{81591314-F5CE-44F3-84A9-9C39538FA132}.Debug|Any CPU.Build.0 = Debug|Any CPU
		{81591314-F5CE-44F3-84A9-9C39538FA132}.Release|Any CPU.ActiveCfg = Release|Any CPU
		{81591314-F5CE-44F3-84A9-9C39538FA132}.Release|Any CPU.Build.0 = Release|Any CPU
		{31DF2AA7-FCEE-4496-9C7C-A4C6BA6512A2}.Debug|Any CPU.ActiveCfg = Debug|Any CPU
		{31DF2AA7-FCEE-4496-9C7C-A4C6BA6512A2}.Debug|Any CPU.Build.0 = Debug|Any CPU
		{31DF2AA7-FCEE-4496-9C7C-A4C6BA6512A2}.Release|Any CPU.ActiveCfg = Release|Any CPU
		{31DF2AA7-FCEE-4496-9C7C-A4C6BA6512A2}.Release|Any CPU.Build.0 = Release|Any CPU
		{1D6D8F9E-BAE2-4C56-83E9-9F78564BF1B4}.Debug|Any CPU.ActiveCfg = Debug|Any CPU
		{1D6D8F9E-BAE2-4C56-83E9-9F78564BF1B4}.Debug|Any CPU.Build.0 = Debug|Any CPU
		{1D6D8F9E-BAE2-4C56-83E9-9F78564BF1B4}.Release|Any CPU.ActiveCfg = Release|Any CPU
		{1D6D8F9E-BAE2-4C56-83E9-9F78564BF1B4}.Release|Any CPU.Build.0 = Release|Any CPU
		{951546C7-F20C-4C5D-8B2A-37579BD08E8A}.Debug|Any CPU.ActiveCfg = Debug|Any CPU
		{951546C7-F20C-4C5D-8B2A-37579BD08E8A}.Debug|Any CPU.Build.0 = Debug|Any CPU
		{951546C7-F20C-4C5D-8B2A-37579BD08E8A}.Release|Any CPU.ActiveCfg = Release|Any CPU
		{951546C7-F20C-4C5D-8B2A-37579BD08E8A}.Release|Any CPU.Build.0 = Release|Any CPU
		{C9DE2AB9-499D-413E-A58C-FFB6B66AE7DF}.Debug|Any CPU.ActiveCfg = Debug|Any CPU
		{C9DE2AB9-499D-413E-A58C-FFB6B66AE7DF}.Debug|Any CPU.Build.0 = Debug|Any CPU
		{C9DE2AB9-499D-413E-A58C-FFB6B66AE7DF}.Release|Any CPU.ActiveCfg = Release|Any CPU
		{C9DE2AB9-499D-413E-A58C-FFB6B66AE7DF}.Release|Any CPU.Build.0 = Release|Any CPU
		{E73D2613-3D24-4BB9-9F35-7E315464E8DA}.Debug|Any CPU.ActiveCfg = Debug|Any CPU
		{E73D2613-3D24-4BB9-9F35-7E315464E8DA}.Debug|Any CPU.Build.0 = Debug|Any CPU
		{E73D2613-3D24-4BB9-9F35-7E315464E8DA}.Release|Any CPU.ActiveCfg = Release|Any CPU
		{E73D2613-3D24-4BB9-9F35-7E315464E8DA}.Release|Any CPU.Build.0 = Release|Any CPU
		{DB262EB3-16FD-4B50-8257-6FF67468BBC7}.Debug|Any CPU.ActiveCfg = Debug|Any CPU
		{DB262EB3-16FD-4B50-8257-6FF67468BBC7}.Debug|Any CPU.Build.0 = Debug|Any CPU
		{DB262EB3-16FD-4B50-8257-6FF67468BBC7}.Release|Any CPU.ActiveCfg = Release|Any CPU
		{DB262EB3-16FD-4B50-8257-6FF67468BBC7}.Release|Any CPU.Build.0 = Release|Any CPU
		{B236F190-13BB-4121-B240-D3D28D7A7825}.Debug|Any CPU.ActiveCfg = Debug|Any CPU
		{B236F190-13BB-4121-B240-D3D28D7A7825}.Debug|Any CPU.Build.0 = Debug|Any CPU
		{B236F190-13BB-4121-B240-D3D28D7A7825}.Release|Any CPU.ActiveCfg = Release|Any CPU
		{B236F190-13BB-4121-B240-D3D28D7A7825}.Release|Any CPU.Build.0 = Release|Any CPU
		{C19442D7-84A7-4213-B78A-374179B23349}.Debug|Any CPU.ActiveCfg = Debug|Any CPU
		{C19442D7-84A7-4213-B78A-374179B23349}.Debug|Any CPU.Build.0 = Debug|Any CPU
		{C19442D7-84A7-4213-B78A-374179B23349}.Release|Any CPU.ActiveCfg = Release|Any CPU
		{C19442D7-84A7-4213-B78A-374179B23349}.Release|Any CPU.Build.0 = Release|Any CPU
		{F5A116AA-6F8F-4D0D-9248-8286202DD1AE}.Debug|Any CPU.ActiveCfg = Debug|Any CPU
		{F5A116AA-6F8F-4D0D-9248-8286202DD1AE}.Debug|Any CPU.Build.0 = Debug|Any CPU
		{F5A116AA-6F8F-4D0D-9248-8286202DD1AE}.Release|Any CPU.ActiveCfg = Release|Any CPU
		{F5A116AA-6F8F-4D0D-9248-8286202DD1AE}.Release|Any CPU.Build.0 = Release|Any CPU
		{7B6D10CF-3295-443F-A3DE-3C298AD360E2}.Debug|Any CPU.ActiveCfg = Debug|Any CPU
		{7B6D10CF-3295-443F-A3DE-3C298AD360E2}.Debug|Any CPU.Build.0 = Debug|Any CPU
		{7B6D10CF-3295-443F-A3DE-3C298AD360E2}.Release|Any CPU.ActiveCfg = Release|Any CPU
		{7B6D10CF-3295-443F-A3DE-3C298AD360E2}.Release|Any CPU.Build.0 = Release|Any CPU
		{B428D5EF-9F40-4E1F-8233-A25F19A9AC5B}.Debug|Any CPU.ActiveCfg = Debug|Any CPU
		{B428D5EF-9F40-4E1F-8233-A25F19A9AC5B}.Debug|Any CPU.Build.0 = Debug|Any CPU
		{B428D5EF-9F40-4E1F-8233-A25F19A9AC5B}.Release|Any CPU.ActiveCfg = Release|Any CPU
		{B428D5EF-9F40-4E1F-8233-A25F19A9AC5B}.Release|Any CPU.Build.0 = Release|Any CPU
		{A4E15180-81DF-491C-872A-A6B20974CB7D}.Debug|Any CPU.ActiveCfg = Debug|Any CPU
		{A4E15180-81DF-491C-872A-A6B20974CB7D}.Debug|Any CPU.Build.0 = Debug|Any CPU
		{A4E15180-81DF-491C-872A-A6B20974CB7D}.Release|Any CPU.ActiveCfg = Release|Any CPU
		{A4E15180-81DF-491C-872A-A6B20974CB7D}.Release|Any CPU.Build.0 = Release|Any CPU
		{F24282E5-A2BA-489F-B5D9-A524648DC428}.Debug|Any CPU.ActiveCfg = Debug|Any CPU
		{F24282E5-A2BA-489F-B5D9-A524648DC428}.Debug|Any CPU.Build.0 = Debug|Any CPU
		{F24282E5-A2BA-489F-B5D9-A524648DC428}.Release|Any CPU.ActiveCfg = Release|Any CPU
		{F24282E5-A2BA-489F-B5D9-A524648DC428}.Release|Any CPU.Build.0 = Release|Any CPU
		{E6C465AB-089C-4054-94BE-0C66387F4CF2}.Debug|Any CPU.ActiveCfg = Debug|Any CPU
		{E6C465AB-089C-4054-94BE-0C66387F4CF2}.Debug|Any CPU.Build.0 = Debug|Any CPU
		{E6C465AB-089C-4054-94BE-0C66387F4CF2}.Release|Any CPU.ActiveCfg = Release|Any CPU
		{E6C465AB-089C-4054-94BE-0C66387F4CF2}.Release|Any CPU.Build.0 = Release|Any CPU
		{28DD4F1A-4B10-4BA6-A0B0-C84A76BCAEAE}.Debug|Any CPU.ActiveCfg = Debug|Any CPU
		{28DD4F1A-4B10-4BA6-A0B0-C84A76BCAEAE}.Debug|Any CPU.Build.0 = Debug|Any CPU
		{28DD4F1A-4B10-4BA6-A0B0-C84A76BCAEAE}.Release|Any CPU.ActiveCfg = Release|Any CPU
		{28DD4F1A-4B10-4BA6-A0B0-C84A76BCAEAE}.Release|Any CPU.Build.0 = Release|Any CPU
		{5B2AC5A8-F7FC-4066-808E-E4FF2FD0B064}.Debug|Any CPU.ActiveCfg = Debug|Any CPU
		{5B2AC5A8-F7FC-4066-808E-E4FF2FD0B064}.Debug|Any CPU.Build.0 = Debug|Any CPU
		{5B2AC5A8-F7FC-4066-808E-E4FF2FD0B064}.Release|Any CPU.ActiveCfg = Release|Any CPU
		{5B2AC5A8-F7FC-4066-808E-E4FF2FD0B064}.Release|Any CPU.Build.0 = Release|Any CPU
		{6A790133-4CE4-44E0-96A1-C5EA0605BE9D}.Debug|Any CPU.ActiveCfg = Debug|Any CPU
		{6A790133-4CE4-44E0-96A1-C5EA0605BE9D}.Debug|Any CPU.Build.0 = Debug|Any CPU
		{6A790133-4CE4-44E0-96A1-C5EA0605BE9D}.Release|Any CPU.ActiveCfg = Release|Any CPU
		{6A790133-4CE4-44E0-96A1-C5EA0605BE9D}.Release|Any CPU.Build.0 = Release|Any CPU
		{F1DC9D9D-55A2-4113-B81C-35709E74A41F}.Debug|Any CPU.ActiveCfg = Debug|Any CPU
		{F1DC9D9D-55A2-4113-B81C-35709E74A41F}.Debug|Any CPU.Build.0 = Debug|Any CPU
		{F1DC9D9D-55A2-4113-B81C-35709E74A41F}.Release|Any CPU.ActiveCfg = Release|Any CPU
		{F1DC9D9D-55A2-4113-B81C-35709E74A41F}.Release|Any CPU.Build.0 = Release|Any CPU
		{40107D6A-9835-4031-AD40-D4A25158BAB1}.Debug|Any CPU.ActiveCfg = Debug|Any CPU
		{40107D6A-9835-4031-AD40-D4A25158BAB1}.Debug|Any CPU.Build.0 = Debug|Any CPU
		{40107D6A-9835-4031-AD40-D4A25158BAB1}.Release|Any CPU.ActiveCfg = Release|Any CPU
		{40107D6A-9835-4031-AD40-D4A25158BAB1}.Release|Any CPU.Build.0 = Release|Any CPU
		{1EED2D71-FC50-435E-9F5C-22AA6C5A3563}.Debug|Any CPU.ActiveCfg = Debug|Any CPU
		{1EED2D71-FC50-435E-9F5C-22AA6C5A3563}.Debug|Any CPU.Build.0 = Debug|Any CPU
		{1EED2D71-FC50-435E-9F5C-22AA6C5A3563}.Release|Any CPU.ActiveCfg = Release|Any CPU
		{1EED2D71-FC50-435E-9F5C-22AA6C5A3563}.Release|Any CPU.Build.0 = Release|Any CPU
		{CE4E6256-31C7-402A-A7C9-5EA89552E849}.Debug|Any CPU.ActiveCfg = Debug|Any CPU
		{CE4E6256-31C7-402A-A7C9-5EA89552E849}.Debug|Any CPU.Build.0 = Debug|Any CPU
		{CE4E6256-31C7-402A-A7C9-5EA89552E849}.Release|Any CPU.ActiveCfg = Release|Any CPU
		{CE4E6256-31C7-402A-A7C9-5EA89552E849}.Release|Any CPU.Build.0 = Release|Any CPU
		{326364C3-7663-41A5-80DE-A502042BBE46}.Debug|Any CPU.ActiveCfg = Debug|Any CPU
		{326364C3-7663-41A5-80DE-A502042BBE46}.Debug|Any CPU.Build.0 = Debug|Any CPU
		{326364C3-7663-41A5-80DE-A502042BBE46}.Release|Any CPU.ActiveCfg = Release|Any CPU
		{326364C3-7663-41A5-80DE-A502042BBE46}.Release|Any CPU.Build.0 = Release|Any CPU
		{B1455646-7D11-4462-ABB4-1A7E55BA3750}.Debug|Any CPU.ActiveCfg = Debug|Any CPU
		{B1455646-7D11-4462-ABB4-1A7E55BA3750}.Debug|Any CPU.Build.0 = Debug|Any CPU
		{B1455646-7D11-4462-ABB4-1A7E55BA3750}.Release|Any CPU.ActiveCfg = Release|Any CPU
		{B1455646-7D11-4462-ABB4-1A7E55BA3750}.Release|Any CPU.Build.0 = Release|Any CPU
		{A87E3089-BFCC-4EA7-BA51-4D6EB03DB053}.Debug|Any CPU.ActiveCfg = Debug|Any CPU
		{A87E3089-BFCC-4EA7-BA51-4D6EB03DB053}.Debug|Any CPU.Build.0 = Debug|Any CPU
		{A87E3089-BFCC-4EA7-BA51-4D6EB03DB053}.Release|Any CPU.ActiveCfg = Release|Any CPU
		{A87E3089-BFCC-4EA7-BA51-4D6EB03DB053}.Release|Any CPU.Build.0 = Release|Any CPU
		{0DBA225A-E142-41FE-B904-8B728DBC08FD}.Debug|Any CPU.ActiveCfg = Debug|Any CPU
		{0DBA225A-E142-41FE-B904-8B728DBC08FD}.Debug|Any CPU.Build.0 = Debug|Any CPU
		{0DBA225A-E142-41FE-B904-8B728DBC08FD}.Release|Any CPU.ActiveCfg = Release|Any CPU
		{0DBA225A-E142-41FE-B904-8B728DBC08FD}.Release|Any CPU.Build.0 = Release|Any CPU
		{95DBD442-2781-4E72-BFAE-F78AE0605FDC}.Debug|Any CPU.ActiveCfg = Debug|Any CPU
		{95DBD442-2781-4E72-BFAE-F78AE0605FDC}.Debug|Any CPU.Build.0 = Debug|Any CPU
		{95DBD442-2781-4E72-BFAE-F78AE0605FDC}.Release|Any CPU.ActiveCfg = Release|Any CPU
		{95DBD442-2781-4E72-BFAE-F78AE0605FDC}.Release|Any CPU.Build.0 = Release|Any CPU
		{93F7ED9A-BC10-4999-BDE1-09302A3150DA}.Debug|Any CPU.ActiveCfg = Debug|Any CPU
		{93F7ED9A-BC10-4999-BDE1-09302A3150DA}.Debug|Any CPU.Build.0 = Debug|Any CPU
		{93F7ED9A-BC10-4999-BDE1-09302A3150DA}.Release|Any CPU.ActiveCfg = Release|Any CPU
		{93F7ED9A-BC10-4999-BDE1-09302A3150DA}.Release|Any CPU.Build.0 = Release|Any CPU
		{3B41752E-D6EF-4E6F-B92D-79AB595531CA}.Debug|Any CPU.ActiveCfg = Debug|Any CPU
		{3B41752E-D6EF-4E6F-B92D-79AB595531CA}.Debug|Any CPU.Build.0 = Debug|Any CPU
		{3B41752E-D6EF-4E6F-B92D-79AB595531CA}.Release|Any CPU.ActiveCfg = Release|Any CPU
		{3B41752E-D6EF-4E6F-B92D-79AB595531CA}.Release|Any CPU.Build.0 = Release|Any CPU
		{9362A677-7CE1-46C6-8F40-D7AC5940B8CD}.Debug|Any CPU.ActiveCfg = Debug|Any CPU
		{9362A677-7CE1-46C6-8F40-D7AC5940B8CD}.Debug|Any CPU.Build.0 = Debug|Any CPU
		{9362A677-7CE1-46C6-8F40-D7AC5940B8CD}.Release|Any CPU.ActiveCfg = Release|Any CPU
		{9362A677-7CE1-46C6-8F40-D7AC5940B8CD}.Release|Any CPU.Build.0 = Release|Any CPU
		{FCE0A5AE-087D-4AA3-99DC-EF513384FCEC}.Debug|Any CPU.ActiveCfg = Debug|Any CPU
		{FCE0A5AE-087D-4AA3-99DC-EF513384FCEC}.Debug|Any CPU.Build.0 = Debug|Any CPU
		{FCE0A5AE-087D-4AA3-99DC-EF513384FCEC}.Release|Any CPU.ActiveCfg = Release|Any CPU
		{FCE0A5AE-087D-4AA3-99DC-EF513384FCEC}.Release|Any CPU.Build.0 = Release|Any CPU
		{F74CA113-7A48-4241-8158-FAF87C078E86}.Debug|Any CPU.ActiveCfg = Debug|Any CPU
		{F74CA113-7A48-4241-8158-FAF87C078E86}.Debug|Any CPU.Build.0 = Debug|Any CPU
		{F74CA113-7A48-4241-8158-FAF87C078E86}.Release|Any CPU.ActiveCfg = Release|Any CPU
		{F74CA113-7A48-4241-8158-FAF87C078E86}.Release|Any CPU.Build.0 = Release|Any CPU
		{596A5749-9726-4063-ADE9-08AE7241A89C}.Debug|Any CPU.ActiveCfg = Debug|Any CPU
		{596A5749-9726-4063-ADE9-08AE7241A89C}.Debug|Any CPU.Build.0 = Debug|Any CPU
		{596A5749-9726-4063-ADE9-08AE7241A89C}.Release|Any CPU.ActiveCfg = Release|Any CPU
		{596A5749-9726-4063-ADE9-08AE7241A89C}.Release|Any CPU.Build.0 = Release|Any CPU
		{35B27814-9A38-4795-AF5C-2298F312485E}.Debug|Any CPU.ActiveCfg = Debug|Any CPU
		{35B27814-9A38-4795-AF5C-2298F312485E}.Debug|Any CPU.Build.0 = Debug|Any CPU
		{35B27814-9A38-4795-AF5C-2298F312485E}.Release|Any CPU.ActiveCfg = Release|Any CPU
		{35B27814-9A38-4795-AF5C-2298F312485E}.Release|Any CPU.Build.0 = Release|Any CPU
		{54D51B00-09DF-4E6B-9A33-7988DBF72C91}.Debug|Any CPU.ActiveCfg = Debug|Any CPU
		{54D51B00-09DF-4E6B-9A33-7988DBF72C91}.Debug|Any CPU.Build.0 = Debug|Any CPU
		{54D51B00-09DF-4E6B-9A33-7988DBF72C91}.Release|Any CPU.ActiveCfg = Release|Any CPU
		{54D51B00-09DF-4E6B-9A33-7988DBF72C91}.Release|Any CPU.Build.0 = Release|Any CPU
		{E52D047D-7DF4-4595-89F7-705A60E0AC5B}.Debug|Any CPU.ActiveCfg = Debug|Any CPU
		{E52D047D-7DF4-4595-89F7-705A60E0AC5B}.Debug|Any CPU.Build.0 = Debug|Any CPU
		{E52D047D-7DF4-4595-89F7-705A60E0AC5B}.Release|Any CPU.ActiveCfg = Release|Any CPU
		{E52D047D-7DF4-4595-89F7-705A60E0AC5B}.Release|Any CPU.Build.0 = Release|Any CPU
		{9833CE2A-6998-473F-859B-2748135F6C5F}.Debug|Any CPU.ActiveCfg = Debug|Any CPU
		{9833CE2A-6998-473F-859B-2748135F6C5F}.Debug|Any CPU.Build.0 = Debug|Any CPU
		{9833CE2A-6998-473F-859B-2748135F6C5F}.Release|Any CPU.ActiveCfg = Release|Any CPU
		{9833CE2A-6998-473F-859B-2748135F6C5F}.Release|Any CPU.Build.0 = Release|Any CPU
		{A1FF6AC0-CFDD-420F-9A31-B02C8A6E48D3}.Debug|Any CPU.ActiveCfg = Debug|Any CPU
		{A1FF6AC0-CFDD-420F-9A31-B02C8A6E48D3}.Debug|Any CPU.Build.0 = Debug|Any CPU
		{A1FF6AC0-CFDD-420F-9A31-B02C8A6E48D3}.Release|Any CPU.ActiveCfg = Release|Any CPU
		{A1FF6AC0-CFDD-420F-9A31-B02C8A6E48D3}.Release|Any CPU.Build.0 = Release|Any CPU
		{1889E995-F63F-4ABB-9011-E6F49DBF89FA}.Debug|Any CPU.ActiveCfg = Debug|Any CPU
		{1889E995-F63F-4ABB-9011-E6F49DBF89FA}.Debug|Any CPU.Build.0 = Debug|Any CPU
		{1889E995-F63F-4ABB-9011-E6F49DBF89FA}.Release|Any CPU.ActiveCfg = Release|Any CPU
		{1889E995-F63F-4ABB-9011-E6F49DBF89FA}.Release|Any CPU.Build.0 = Release|Any CPU
		{E2F75400-C700-43C8-9424-7D2E0F5F09EE}.Debug|Any CPU.ActiveCfg = Debug|Any CPU
		{E2F75400-C700-43C8-9424-7D2E0F5F09EE}.Debug|Any CPU.Build.0 = Debug|Any CPU
		{E2F75400-C700-43C8-9424-7D2E0F5F09EE}.Release|Any CPU.ActiveCfg = Release|Any CPU
		{E2F75400-C700-43C8-9424-7D2E0F5F09EE}.Release|Any CPU.Build.0 = Release|Any CPU
		{AF08BC5C-9605-494B-AFD7-18833E79F328}.Debug|Any CPU.ActiveCfg = Debug|Any CPU
		{AF08BC5C-9605-494B-AFD7-18833E79F328}.Debug|Any CPU.Build.0 = Debug|Any CPU
		{AF08BC5C-9605-494B-AFD7-18833E79F328}.Release|Any CPU.ActiveCfg = Release|Any CPU
		{AF08BC5C-9605-494B-AFD7-18833E79F328}.Release|Any CPU.Build.0 = Release|Any CPU
		{60410242-0D29-482A-AB57-79EAE33BFA90}.Debug|Any CPU.ActiveCfg = Debug|Any CPU
		{60410242-0D29-482A-AB57-79EAE33BFA90}.Debug|Any CPU.Build.0 = Debug|Any CPU
		{60410242-0D29-482A-AB57-79EAE33BFA90}.Release|Any CPU.ActiveCfg = Release|Any CPU
		{60410242-0D29-482A-AB57-79EAE33BFA90}.Release|Any CPU.Build.0 = Release|Any CPU
		{37C30A18-3166-4741-96E4-24A7D2F66DEB}.Debug|Any CPU.ActiveCfg = Debug|Any CPU
		{37C30A18-3166-4741-96E4-24A7D2F66DEB}.Debug|Any CPU.Build.0 = Debug|Any CPU
		{37C30A18-3166-4741-96E4-24A7D2F66DEB}.Release|Any CPU.ActiveCfg = Release|Any CPU
		{37C30A18-3166-4741-96E4-24A7D2F66DEB}.Release|Any CPU.Build.0 = Release|Any CPU
		{825A542B-6AAD-4005-B223-41E93AE66031}.Debug|Any CPU.ActiveCfg = Debug|Any CPU
		{825A542B-6AAD-4005-B223-41E93AE66031}.Debug|Any CPU.Build.0 = Debug|Any CPU
		{825A542B-6AAD-4005-B223-41E93AE66031}.Release|Any CPU.ActiveCfg = Release|Any CPU
		{825A542B-6AAD-4005-B223-41E93AE66031}.Release|Any CPU.Build.0 = Release|Any CPU
		{66F7F58A-584A-442F-9A42-BB656CD8931F}.Debug|Any CPU.ActiveCfg = Debug|Any CPU
		{66F7F58A-584A-442F-9A42-BB656CD8931F}.Debug|Any CPU.Build.0 = Debug|Any CPU
		{66F7F58A-584A-442F-9A42-BB656CD8931F}.Release|Any CPU.ActiveCfg = Release|Any CPU
		{66F7F58A-584A-442F-9A42-BB656CD8931F}.Release|Any CPU.Build.0 = Release|Any CPU
		{6F3D0DA1-C0B2-425B-B35B-EEBD94E40D71}.Debug|Any CPU.ActiveCfg = Debug|Any CPU
		{6F3D0DA1-C0B2-425B-B35B-EEBD94E40D71}.Debug|Any CPU.Build.0 = Debug|Any CPU
		{6F3D0DA1-C0B2-425B-B35B-EEBD94E40D71}.Release|Any CPU.ActiveCfg = Release|Any CPU
		{6F3D0DA1-C0B2-425B-B35B-EEBD94E40D71}.Release|Any CPU.Build.0 = Release|Any CPU
		{7009FED0-06B7-4C28-88AF-95F45C9F9034}.Debug|Any CPU.ActiveCfg = Debug|Any CPU
		{7009FED0-06B7-4C28-88AF-95F45C9F9034}.Debug|Any CPU.Build.0 = Debug|Any CPU
		{7009FED0-06B7-4C28-88AF-95F45C9F9034}.Release|Any CPU.ActiveCfg = Release|Any CPU
		{7009FED0-06B7-4C28-88AF-95F45C9F9034}.Release|Any CPU.Build.0 = Release|Any CPU
		{5638CFE6-D24B-428A-B7FA-EE93C243B387}.Debug|Any CPU.ActiveCfg = Debug|Any CPU
		{5638CFE6-D24B-428A-B7FA-EE93C243B387}.Debug|Any CPU.Build.0 = Debug|Any CPU
		{5638CFE6-D24B-428A-B7FA-EE93C243B387}.Release|Any CPU.ActiveCfg = Release|Any CPU
		{5638CFE6-D24B-428A-B7FA-EE93C243B387}.Release|Any CPU.Build.0 = Release|Any CPU
		{C0F8008A-05AD-4B3E-812C-57B6F04A2013}.Debug|Any CPU.ActiveCfg = Debug|Any CPU
		{C0F8008A-05AD-4B3E-812C-57B6F04A2013}.Debug|Any CPU.Build.0 = Debug|Any CPU
		{C0F8008A-05AD-4B3E-812C-57B6F04A2013}.Release|Any CPU.ActiveCfg = Release|Any CPU
		{C0F8008A-05AD-4B3E-812C-57B6F04A2013}.Release|Any CPU.Build.0 = Release|Any CPU
		{1C0F025C-41D2-4002-8BD3-AF39AB8A7BF9}.Debug|Any CPU.ActiveCfg = Debug|Any CPU
		{1C0F025C-41D2-4002-8BD3-AF39AB8A7BF9}.Debug|Any CPU.Build.0 = Debug|Any CPU
		{1C0F025C-41D2-4002-8BD3-AF39AB8A7BF9}.Release|Any CPU.ActiveCfg = Release|Any CPU
		{1C0F025C-41D2-4002-8BD3-AF39AB8A7BF9}.Release|Any CPU.Build.0 = Release|Any CPU
		{74006880-3840-437A-9981-1AADA5D13008}.Debug|Any CPU.ActiveCfg = Debug|Any CPU
		{74006880-3840-437A-9981-1AADA5D13008}.Debug|Any CPU.Build.0 = Debug|Any CPU
		{74006880-3840-437A-9981-1AADA5D13008}.Release|Any CPU.ActiveCfg = Release|Any CPU
		{74006880-3840-437A-9981-1AADA5D13008}.Release|Any CPU.Build.0 = Release|Any CPU
		{9319084F-6E77-409B-9E98-57B2E3DC66DC}.Debug|Any CPU.ActiveCfg = Debug|Any CPU
		{9319084F-6E77-409B-9E98-57B2E3DC66DC}.Debug|Any CPU.Build.0 = Debug|Any CPU
		{9319084F-6E77-409B-9E98-57B2E3DC66DC}.Release|Any CPU.ActiveCfg = Release|Any CPU
		{9319084F-6E77-409B-9E98-57B2E3DC66DC}.Release|Any CPU.Build.0 = Release|Any CPU
		{FD8CF11D-E4E7-428E-8577-0E16D595437C}.Debug|Any CPU.ActiveCfg = Debug|Any CPU
		{FD8CF11D-E4E7-428E-8577-0E16D595437C}.Debug|Any CPU.Build.0 = Debug|Any CPU
		{FD8CF11D-E4E7-428E-8577-0E16D595437C}.Release|Any CPU.ActiveCfg = Release|Any CPU
		{FD8CF11D-E4E7-428E-8577-0E16D595437C}.Release|Any CPU.Build.0 = Release|Any CPU
		{821B20DE-A02D-4567-8D7C-703C4D71CC39}.Debug|Any CPU.ActiveCfg = Debug|Any CPU
		{821B20DE-A02D-4567-8D7C-703C4D71CC39}.Debug|Any CPU.Build.0 = Debug|Any CPU
		{821B20DE-A02D-4567-8D7C-703C4D71CC39}.Release|Any CPU.ActiveCfg = Release|Any CPU
		{821B20DE-A02D-4567-8D7C-703C4D71CC39}.Release|Any CPU.Build.0 = Release|Any CPU
		{E130963F-ED46-4FB3-85EA-2D8527ADBFE1}.Debug|Any CPU.ActiveCfg = Debug|Any CPU
		{E130963F-ED46-4FB3-85EA-2D8527ADBFE1}.Debug|Any CPU.Build.0 = Debug|Any CPU
		{E130963F-ED46-4FB3-85EA-2D8527ADBFE1}.Release|Any CPU.ActiveCfg = Release|Any CPU
		{E130963F-ED46-4FB3-85EA-2D8527ADBFE1}.Release|Any CPU.Build.0 = Release|Any CPU
		{DEDE7CE8-96E2-43F7-9508-15BB844B5699}.Debug|Any CPU.ActiveCfg = Debug|Any CPU
		{DEDE7CE8-96E2-43F7-9508-15BB844B5699}.Debug|Any CPU.Build.0 = Debug|Any CPU
		{DEDE7CE8-96E2-43F7-9508-15BB844B5699}.Release|Any CPU.ActiveCfg = Release|Any CPU
		{DEDE7CE8-96E2-43F7-9508-15BB844B5699}.Release|Any CPU.Build.0 = Release|Any CPU
		{DCDC3DEF-DA89-4CA9-B964-1F8B598A8830}.Debug|Any CPU.ActiveCfg = Debug|Any CPU
		{DCDC3DEF-DA89-4CA9-B964-1F8B598A8830}.Debug|Any CPU.Build.0 = Debug|Any CPU
		{DCDC3DEF-DA89-4CA9-B964-1F8B598A8830}.Release|Any CPU.ActiveCfg = Release|Any CPU
		{DCDC3DEF-DA89-4CA9-B964-1F8B598A8830}.Release|Any CPU.Build.0 = Release|Any CPU
		{437960EE-24CE-4B75-8A4D-19E1091CE8C0}.Debug|Any CPU.ActiveCfg = Debug|Any CPU
		{437960EE-24CE-4B75-8A4D-19E1091CE8C0}.Debug|Any CPU.Build.0 = Debug|Any CPU
		{437960EE-24CE-4B75-8A4D-19E1091CE8C0}.Release|Any CPU.ActiveCfg = Release|Any CPU
		{437960EE-24CE-4B75-8A4D-19E1091CE8C0}.Release|Any CPU.Build.0 = Release|Any CPU
		{A2A12D34-4E06-49A9-8069-86F92CB6F20C}.Debug|Any CPU.ActiveCfg = Debug|Any CPU
		{A2A12D34-4E06-49A9-8069-86F92CB6F20C}.Debug|Any CPU.Build.0 = Debug|Any CPU
		{A2A12D34-4E06-49A9-8069-86F92CB6F20C}.Release|Any CPU.ActiveCfg = Release|Any CPU
		{A2A12D34-4E06-49A9-8069-86F92CB6F20C}.Release|Any CPU.Build.0 = Release|Any CPU
		{C0D5A286-8A76-478C-B25F-378542532732}.Debug|Any CPU.ActiveCfg = Debug|Any CPU
		{C0D5A286-8A76-478C-B25F-378542532732}.Debug|Any CPU.Build.0 = Debug|Any CPU
		{C0D5A286-8A76-478C-B25F-378542532732}.Release|Any CPU.ActiveCfg = Release|Any CPU
		{C0D5A286-8A76-478C-B25F-378542532732}.Release|Any CPU.Build.0 = Release|Any CPU
		{FD28E3D1-CCB2-4E3A-B4C9-07BB037CD963}.Debug|Any CPU.ActiveCfg = Debug|Any CPU
		{FD28E3D1-CCB2-4E3A-B4C9-07BB037CD963}.Debug|Any CPU.Build.0 = Debug|Any CPU
		{FD28E3D1-CCB2-4E3A-B4C9-07BB037CD963}.Release|Any CPU.ActiveCfg = Release|Any CPU
		{FD28E3D1-CCB2-4E3A-B4C9-07BB037CD963}.Release|Any CPU.Build.0 = Release|Any CPU
		{7A836C9F-C1FE-4963-85B9-2E358E7944C9}.Debug|Any CPU.ActiveCfg = Debug|Any CPU
		{7A836C9F-C1FE-4963-85B9-2E358E7944C9}.Debug|Any CPU.Build.0 = Debug|Any CPU
		{7A836C9F-C1FE-4963-85B9-2E358E7944C9}.Release|Any CPU.ActiveCfg = Release|Any CPU
		{7A836C9F-C1FE-4963-85B9-2E358E7944C9}.Release|Any CPU.Build.0 = Release|Any CPU
		{E373F9F4-B06E-4B18-A8B1-E220ECA4CD14}.Debug|Any CPU.ActiveCfg = Debug|Any CPU
		{E373F9F4-B06E-4B18-A8B1-E220ECA4CD14}.Debug|Any CPU.Build.0 = Debug|Any CPU
		{E373F9F4-B06E-4B18-A8B1-E220ECA4CD14}.Release|Any CPU.ActiveCfg = Release|Any CPU
		{E373F9F4-B06E-4B18-A8B1-E220ECA4CD14}.Release|Any CPU.Build.0 = Release|Any CPU
		{F10480B2-C973-46EE-BE11-B60369FD4028}.Debug|Any CPU.ActiveCfg = Debug|Any CPU
		{F10480B2-C973-46EE-BE11-B60369FD4028}.Debug|Any CPU.Build.0 = Debug|Any CPU
		{F10480B2-C973-46EE-BE11-B60369FD4028}.Release|Any CPU.ActiveCfg = Release|Any CPU
		{F10480B2-C973-46EE-BE11-B60369FD4028}.Release|Any CPU.Build.0 = Release|Any CPU
		{6C9B1467-99D0-41C4-80AF-552AB428697F}.Debug|Any CPU.ActiveCfg = Debug|Any CPU
		{6C9B1467-99D0-41C4-80AF-552AB428697F}.Debug|Any CPU.Build.0 = Debug|Any CPU
		{6C9B1467-99D0-41C4-80AF-552AB428697F}.Release|Any CPU.ActiveCfg = Release|Any CPU
		{6C9B1467-99D0-41C4-80AF-552AB428697F}.Release|Any CPU.Build.0 = Release|Any CPU
		{B20EF23D-25C2-40DC-9254-44C001950914}.Debug|Any CPU.ActiveCfg = Debug|Any CPU
		{B20EF23D-25C2-40DC-9254-44C001950914}.Debug|Any CPU.Build.0 = Debug|Any CPU
		{B20EF23D-25C2-40DC-9254-44C001950914}.Release|Any CPU.ActiveCfg = Release|Any CPU
		{B20EF23D-25C2-40DC-9254-44C001950914}.Release|Any CPU.Build.0 = Release|Any CPU
		{670DAF90-8059-4C85-9890-51878F366A60}.Debug|Any CPU.ActiveCfg = Debug|Any CPU
		{670DAF90-8059-4C85-9890-51878F366A60}.Debug|Any CPU.Build.0 = Debug|Any CPU
		{670DAF90-8059-4C85-9890-51878F366A60}.Release|Any CPU.ActiveCfg = Release|Any CPU
		{670DAF90-8059-4C85-9890-51878F366A60}.Release|Any CPU.Build.0 = Release|Any CPU
		{ECC2A821-0CA7-4AFB-A43D-1236FD550800}.Debug|Any CPU.ActiveCfg = Debug|Any CPU
		{ECC2A821-0CA7-4AFB-A43D-1236FD550800}.Debug|Any CPU.Build.0 = Debug|Any CPU
		{ECC2A821-0CA7-4AFB-A43D-1236FD550800}.Release|Any CPU.ActiveCfg = Release|Any CPU
		{ECC2A821-0CA7-4AFB-A43D-1236FD550800}.Release|Any CPU.Build.0 = Release|Any CPU
		{9A2F086A-FA68-46F6-8622-B793E4842322}.Debug|Any CPU.ActiveCfg = Debug|Any CPU
		{9A2F086A-FA68-46F6-8622-B793E4842322}.Debug|Any CPU.Build.0 = Debug|Any CPU
		{9A2F086A-FA68-46F6-8622-B793E4842322}.Release|Any CPU.ActiveCfg = Release|Any CPU
		{9A2F086A-FA68-46F6-8622-B793E4842322}.Release|Any CPU.Build.0 = Release|Any CPU
		{D37CB684-D0CC-44C6-A09D-9715B542B501}.Debug|Any CPU.ActiveCfg = Debug|Any CPU
		{D37CB684-D0CC-44C6-A09D-9715B542B501}.Debug|Any CPU.Build.0 = Debug|Any CPU
		{D37CB684-D0CC-44C6-A09D-9715B542B501}.Release|Any CPU.ActiveCfg = Release|Any CPU
		{D37CB684-D0CC-44C6-A09D-9715B542B501}.Release|Any CPU.Build.0 = Release|Any CPU
		{8CAE2B33-9CF6-4E70-80E2-D9AA6DD3C73C}.Debug|Any CPU.ActiveCfg = Debug|Any CPU
		{8CAE2B33-9CF6-4E70-80E2-D9AA6DD3C73C}.Debug|Any CPU.Build.0 = Debug|Any CPU
		{8CAE2B33-9CF6-4E70-80E2-D9AA6DD3C73C}.Release|Any CPU.ActiveCfg = Release|Any CPU
		{8CAE2B33-9CF6-4E70-80E2-D9AA6DD3C73C}.Release|Any CPU.Build.0 = Release|Any CPU
		{702D3756-C8B7-4356-87BF-BA2A74F5B6D1}.Debug|Any CPU.ActiveCfg = Debug|Any CPU
		{702D3756-C8B7-4356-87BF-BA2A74F5B6D1}.Debug|Any CPU.Build.0 = Debug|Any CPU
		{702D3756-C8B7-4356-87BF-BA2A74F5B6D1}.Release|Any CPU.ActiveCfg = Release|Any CPU
		{702D3756-C8B7-4356-87BF-BA2A74F5B6D1}.Release|Any CPU.Build.0 = Release|Any CPU
		{2D36BB01-4895-42D1-B633-9FE90141F1D4}.Debug|Any CPU.ActiveCfg = Debug|Any CPU
		{2D36BB01-4895-42D1-B633-9FE90141F1D4}.Debug|Any CPU.Build.0 = Debug|Any CPU
		{2D36BB01-4895-42D1-B633-9FE90141F1D4}.Release|Any CPU.ActiveCfg = Release|Any CPU
		{2D36BB01-4895-42D1-B633-9FE90141F1D4}.Release|Any CPU.Build.0 = Release|Any CPU
		{FE5638FE-E4DB-44AB-BD91-03200C88C409}.Debug|Any CPU.ActiveCfg = Debug|Any CPU
		{FE5638FE-E4DB-44AB-BD91-03200C88C409}.Debug|Any CPU.Build.0 = Debug|Any CPU
		{FE5638FE-E4DB-44AB-BD91-03200C88C409}.Release|Any CPU.ActiveCfg = Release|Any CPU
		{FE5638FE-E4DB-44AB-BD91-03200C88C409}.Release|Any CPU.Build.0 = Release|Any CPU
		{50A42CD2-9292-477D-87CA-F79E6818FDE6}.Debug|Any CPU.ActiveCfg = Debug|Any CPU
		{50A42CD2-9292-477D-87CA-F79E6818FDE6}.Debug|Any CPU.Build.0 = Debug|Any CPU
		{50A42CD2-9292-477D-87CA-F79E6818FDE6}.Release|Any CPU.ActiveCfg = Release|Any CPU
		{50A42CD2-9292-477D-87CA-F79E6818FDE6}.Release|Any CPU.Build.0 = Release|Any CPU
		{43CD668C-9472-452F-9D78-11E90D4F1286}.Debug|Any CPU.ActiveCfg = Debug|Any CPU
		{43CD668C-9472-452F-9D78-11E90D4F1286}.Debug|Any CPU.Build.0 = Debug|Any CPU
		{43CD668C-9472-452F-9D78-11E90D4F1286}.Release|Any CPU.ActiveCfg = Release|Any CPU
		{43CD668C-9472-452F-9D78-11E90D4F1286}.Release|Any CPU.Build.0 = Release|Any CPU
		{DFB44758-9585-435B-860E-CC770ADF9628}.Debug|Any CPU.ActiveCfg = Debug|Any CPU
		{DFB44758-9585-435B-860E-CC770ADF9628}.Debug|Any CPU.Build.0 = Debug|Any CPU
		{DFB44758-9585-435B-860E-CC770ADF9628}.Release|Any CPU.ActiveCfg = Release|Any CPU
		{DFB44758-9585-435B-860E-CC770ADF9628}.Release|Any CPU.Build.0 = Release|Any CPU
		{B252F9DA-0BBC-4ECB-AD3D-08013123B6A0}.Debug|Any CPU.ActiveCfg = Debug|Any CPU
		{B252F9DA-0BBC-4ECB-AD3D-08013123B6A0}.Debug|Any CPU.Build.0 = Debug|Any CPU
		{B252F9DA-0BBC-4ECB-AD3D-08013123B6A0}.Release|Any CPU.ActiveCfg = Release|Any CPU
		{B252F9DA-0BBC-4ECB-AD3D-08013123B6A0}.Release|Any CPU.Build.0 = Release|Any CPU
		{9C299721-D80A-4DF3-AC75-1D26528097D3}.Debug|Any CPU.ActiveCfg = Debug|Any CPU
		{9C299721-D80A-4DF3-AC75-1D26528097D3}.Debug|Any CPU.Build.0 = Debug|Any CPU
		{9C299721-D80A-4DF3-AC75-1D26528097D3}.Release|Any CPU.ActiveCfg = Release|Any CPU
		{9C299721-D80A-4DF3-AC75-1D26528097D3}.Release|Any CPU.Build.0 = Release|Any CPU
	EndGlobalSection
	GlobalSection(SolutionProperties) = preSolution
		HideSolutionNode = FALSE
	EndGlobalSection
EndGlobal
