
Microsoft Visual Studio Solution File, Format Version 12.00
# Visual Studio 14
VisualStudioVersion = 14.0.25420.1
MinimumVisualStudioVersion = 10.0.40219.1
Project("{F2A71F9B-5D33-465A-A702-920D77279786}") = "FSharpTest1", "FSharpTest1\FSharpTest1.fsproj", "{540A4362-3155-4957-BC1B-D1E6408A4FA7}"
EndProject
Project("{F2A71F9B-5D33-465A-A702-920D77279786}") = "FSharpTest2", "FSharpTest2\FSharpTest2.fsproj", "{7C56AC87-D930-4B80-B0AE-5EA17188F571}"
EndProject
Project("{F2A71F9B-5D33-465A-A702-920D77279786}") = "FSharpTest3", "FSharpTest3\FSharpTest3.fsproj", "{30A78E7B-D9EF-472F-BC8F-501B203AB223}"
EndProject
Project("{F2A71F9B-5D33-465A-A702-920D77279786}") = "FSharpTest4", "FSharpTest4\FSharpTest4.fsproj", "{FAF6F124-A0F7-4EF5-BB2D-A221204D4268}"
EndProject
Project("{F2A71F9B-5D33-465A-A702-920D77279786}") = "FSharpTest5", "FSharpTest5\FSharpTest5.fsproj", "{C660D003-326C-4492-9C7E-60A086D8C547}"
EndProject
Project("{F2A71F9B-5D33-465A-A702-920D77279786}") = "FSharpTest6", "FSharpTest6\FSharpTest6.fsproj", "{E6B59625-91A0-4C4A-8678-F44A2290D3D7}"
EndProject
Project("{F2A71F9B-5D33-465A-A702-920D77279786}") = "FSharpTest7", "FSharpTest7\FSharpTest7.fsproj", "{E80E6A3D-55E5-4000-8070-0994579DEF4E}"
EndProject
Project("{F2A71F9B-5D33-465A-A702-920D77279786}") = "FSharpTest8", "FSharpTest8\FSharpTest8.fsproj", "{9C92D23C-63D5-4F30-897B-471314659DB8}"
EndProject
Project("{F2A71F9B-5D33-465A-A702-920D77279786}") = "FSharpTest9", "FSharpTest9\FSharpTest9.fsproj", "{44557715-92E7-44C7-A44C-32FF6CCF19D2}"
EndProject
Project("{F2A71F9B-5D33-465A-A702-920D77279786}") = "FSharpTest10", "FSharpTest10\FSharpTest10.fsproj", "{2783ADB0-81CD-4BA2-8746-889FFB156FD0}"
EndProject
Project("{F2A71F9B-5D33-465A-A702-920D77279786}") = "FSharpTest11", "FSharpTest11\FSharpTest11.fsproj", "{6345DA52-BA28-4EA9-BC44-4E68F055EDF0}"
EndProject
Project("{F2A71F9B-5D33-465A-A702-920D77279786}") = "FSharpTest12", "FSharpTest12\FSharpTest12.fsproj", "{EED65B64-30A8-4D53-BA40-EEC64A02BE4D}"
EndProject
Project("{F2A71F9B-5D33-465A-A702-920D77279786}") = "FSharpTest13", "FSharpTest13\FSharpTest13.fsproj", "{F45005D9-53FD-424D-81F0-627DEC44CE8E}"
EndProject
Project("{F2A71F9B-5D33-465A-A702-920D77279786}") = "FSharpTest14", "FSharpTest14\FSharpTest14.fsproj", "{1DF0F058-7191-48E4-BE7B-43643706F60E}"
EndProject
Project("{F2A71F9B-5D33-465A-A702-920D77279786}") = "FSharpTest15", "FSharpTest15\FSharpTest15.fsproj", "{03C20594-3315-48BF-8E41-4688BF9751A3}"
EndProject
Project("{F2A71F9B-5D33-465A-A702-920D77279786}") = "FSharpTest16", "FSharpTest16\FSharpTest16.fsproj", "{21A7E7AF-BCD0-4E61-BB46-3D92FA3408CA}"
EndProject
Project("{F2A71F9B-5D33-465A-A702-920D77279786}") = "FSharpTest17", "FSharpTest17\FSharpTest17.fsproj", "{B3E29715-A8F2-4A0E-BAAA-28BD1DC2E1D1}"
EndProject
Project("{F2A71F9B-5D33-465A-A702-920D77279786}") = "FSharpTest18", "FSharpTest18\FSharpTest18.fsproj", "{5C1EB0DE-967D-43C5-A941-F1F17603B991}"
EndProject
Project("{F2A71F9B-5D33-465A-A702-920D77279786}") = "FSharpTest19", "FSharpTest19\FSharpTest19.fsproj", "{3D7AB200-CC10-4551-A350-14FA20C60E95}"
EndProject
Project("{F2A71F9B-5D33-465A-A702-920D77279786}") = "FSharpTest20", "FSharpTest20\FSharpTest20.fsproj", "{D7F52BF6-6136-4C06-BD56-ED862563C2D8}"
EndProject
Project("{F2A71F9B-5D33-465A-A702-920D77279786}") = "FSharpTest21", "FSharpTest21\FSharpTest21.fsproj", "{39F8A910-CF0C-4FC2-BECF-4BD639A30925}"
EndProject
Project("{F2A71F9B-5D33-465A-A702-920D77279786}") = "FSharpTest22", "FSharpTest22\FSharpTest22.fsproj", "{1726ACE7-F4B2-44A7-8E26-C31329C8DD20}"
EndProject
Project("{F2A71F9B-5D33-465A-A702-920D77279786}") = "FSharpTest23", "FSharpTest23\FSharpTest23.fsproj", "{D1F875FB-BDF3-4FFE-92EB-1F3C534C7F5A}"
EndProject
Project("{F2A71F9B-5D33-465A-A702-920D77279786}") = "FSharpTest24", "FSharpTest24\FSharpTest24.fsproj", "{D7A76EB9-11B2-46BC-8EF6-E051F3A3BE27}"
EndProject
Project("{F2A71F9B-5D33-465A-A702-920D77279786}") = "FSharpTest25", "FSharpTest25\FSharpTest25.fsproj", "{2A080B49-EC40-4D63-AA9B-8612E7A4046E}"
EndProject
Project("{F2A71F9B-5D33-465A-A702-920D77279786}") = "FSharpTest26", "FSharpTest26\FSharpTest26.fsproj", "{46C261E8-CBB1-45AD-878A-286A590A70A3}"
EndProject
Project("{F2A71F9B-5D33-465A-A702-920D77279786}") = "FSharpTest27", "FSharpTest27\FSharpTest27.fsproj", "{EF2ACEBB-AE66-4C67-A1D8-3D08F8CDBFD2}"
EndProject
Project("{F2A71F9B-5D33-465A-A702-920D77279786}") = "FSharpTest28", "FSharpTest28\FSharpTest28.fsproj", "{08B61B05-6FF5-4FCF-A8D9-B9F66BF34EEA}"
EndProject
Project("{F2A71F9B-5D33-465A-A702-920D77279786}") = "FSharpTest29", "FSharpTest29\FSharpTest29.fsproj", "{83B10792-9751-4F70-B60E-07D6B1707EE6}"
EndProject
Project("{F2A71F9B-5D33-465A-A702-920D77279786}") = "FSharpTest30", "FSharpTest30\FSharpTest30.fsproj", "{69C6E307-FFD0-4A3A-B72A-C8C59C9D8E74}"
EndProject
Project("{F2A71F9B-5D33-465A-A702-920D77279786}") = "FSharpTest31", "FSharpTest31\FSharpTest31.fsproj", "{756743D7-510C-4BEF-8936-C56619A2A24B}"
EndProject
Project("{F2A71F9B-5D33-465A-A702-920D77279786}") = "FSharpTest32", "FSharpTest32\FSharpTest32.fsproj", "{2D8429A3-5627-41B8-BAAB-463E69E2BE9D}"
EndProject
Project("{F2A71F9B-5D33-465A-A702-920D77279786}") = "FSharpTest33", "FSharpTest33\FSharpTest33.fsproj", "{CF8E5180-1389-4592-9B41-581855BF3C82}"
EndProject
Project("{F2A71F9B-5D33-465A-A702-920D77279786}") = "FSharpTest34", "FSharpTest34\FSharpTest34.fsproj", "{0270083F-663E-457F-919F-5D1EBE07B8DD}"
EndProject
Project("{F2A71F9B-5D33-465A-A702-920D77279786}") = "FSharpTest35", "FSharpTest35\FSharpTest35.fsproj", "{4EAC2C21-0657-4BFA-B805-2F4C2C0B554E}"
EndProject
Project("{F2A71F9B-5D33-465A-A702-920D77279786}") = "FSharpTest36", "FSharpTest36\FSharpTest36.fsproj", "{8F13D69A-8514-4BA7-9CD0-71DC968A9E00}"
EndProject
Project("{F2A71F9B-5D33-465A-A702-920D77279786}") = "FSharpTest37", "FSharpTest37\FSharpTest37.fsproj", "{DCEC76D7-D81E-461B-9D16-E7C56FCE6897}"
EndProject
Project("{F2A71F9B-5D33-465A-A702-920D77279786}") = "FSharpTest38", "FSharpTest38\FSharpTest38.fsproj", "{B45C1CB3-3F35-4E10-A5E4-FFFC94FF2956}"
EndProject
Project("{F2A71F9B-5D33-465A-A702-920D77279786}") = "FSharpTest39", "FSharpTest39\FSharpTest39.fsproj", "{5654D9A1-3C45-4E8C-8EE8-B6C15449CCB8}"
EndProject
Project("{F2A71F9B-5D33-465A-A702-920D77279786}") = "FSharpTest40", "FSharpTest40\FSharpTest40.fsproj", "{C4977983-D1E0-42D2-BEA1-4972037A31F2}"
EndProject
Project("{F2A71F9B-5D33-465A-A702-920D77279786}") = "FSharpTest41", "FSharpTest41\FSharpTest41.fsproj", "{EF524D00-8EB7-4AD1-B9E3-AF48694047D3}"
EndProject
Project("{F2A71F9B-5D33-465A-A702-920D77279786}") = "FSharpTest42", "FSharpTest42\FSharpTest42.fsproj", "{C9E7AE79-4A2C-475D-BDBF-3C5789C7D735}"
EndProject
Project("{F2A71F9B-5D33-465A-A702-920D77279786}") = "FSharpTest43", "FSharpTest43\FSharpTest43.fsproj", "{CB6BF01C-BFF2-42CC-B9F8-B45C677D3AFF}"
EndProject
Project("{F2A71F9B-5D33-465A-A702-920D77279786}") = "FSharpTest44", "FSharpTest44\FSharpTest44.fsproj", "{5EB017C3-EE41-4BEE-87B8-FFBB2D1BCD64}"
EndProject
Project("{F2A71F9B-5D33-465A-A702-920D77279786}") = "FSharpTest45", "FSharpTest45\FSharpTest45.fsproj", "{94B981AB-53D4-425B-AE20-8805B0888B60}"
EndProject
Project("{F2A71F9B-5D33-465A-A702-920D77279786}") = "FSharpTest46", "FSharpTest46\FSharpTest46.fsproj", "{5B3EE2D5-4ED9-42D2-AABC-8EC07BD91017}"
EndProject
Project("{F2A71F9B-5D33-465A-A702-920D77279786}") = "FSharpTest47", "FSharpTest47\FSharpTest47.fsproj", "{E026228A-91B3-4AB0-8B1A-8382C6B76672}"
EndProject
Project("{F2A71F9B-5D33-465A-A702-920D77279786}") = "FSharpTest48", "FSharpTest48\FSharpTest48.fsproj", "{94F005EA-694D-418A-ACFF-E0727BE0374B}"
EndProject
Project("{F2A71F9B-5D33-465A-A702-920D77279786}") = "FSharpTest49", "FSharpTest49\FSharpTest49.fsproj", "{D10332CD-E82B-4314-BDFF-9FCDC91935C9}"
EndProject
Project("{F2A71F9B-5D33-465A-A702-920D77279786}") = "FSharpTest50", "FSharpTest50\FSharpTest50.fsproj", "{A2729DC7-F538-4024-BA49-EB3AC258A99C}"
EndProject
Global
	GlobalSection(SolutionConfigurationPlatforms) = preSolution
		Debug|Any CPU = Debug|Any CPU
		Release|Any CPU = Release|Any CPU
	EndGlobalSection
	GlobalSection(ProjectConfigurationPlatforms) = postSolution
		{540A4362-3155-4957-BC1B-D1E6408A4FA7}.Debug|Any CPU.ActiveCfg = Debug|Any CPU
		{540A4362-3155-4957-BC1B-D1E6408A4FA7}.Debug|Any CPU.Build.0 = Debug|Any CPU
		{540A4362-3155-4957-BC1B-D1E6408A4FA7}.Release|Any CPU.ActiveCfg = Release|Any CPU
		{540A4362-3155-4957-BC1B-D1E6408A4FA7}.Release|Any CPU.Build.0 = Release|Any CPU
		{7C56AC87-D930-4B80-B0AE-5EA17188F571}.Debug|Any CPU.ActiveCfg = Debug|Any CPU
		{7C56AC87-D930-4B80-B0AE-5EA17188F571}.Debug|Any CPU.Build.0 = Debug|Any CPU
		{7C56AC87-D930-4B80-B0AE-5EA17188F571}.Release|Any CPU.ActiveCfg = Release|Any CPU
		{7C56AC87-D930-4B80-B0AE-5EA17188F571}.Release|Any CPU.Build.0 = Release|Any CPU
		{30A78E7B-D9EF-472F-BC8F-501B203AB223}.Debug|Any CPU.ActiveCfg = Debug|Any CPU
		{30A78E7B-D9EF-472F-BC8F-501B203AB223}.Debug|Any CPU.Build.0 = Debug|Any CPU
		{30A78E7B-D9EF-472F-BC8F-501B203AB223}.Release|Any CPU.ActiveCfg = Release|Any CPU
		{30A78E7B-D9EF-472F-BC8F-501B203AB223}.Release|Any CPU.Build.0 = Release|Any CPU
		{FAF6F124-A0F7-4EF5-BB2D-A221204D4268}.Debug|Any CPU.ActiveCfg = Debug|Any CPU
		{FAF6F124-A0F7-4EF5-BB2D-A221204D4268}.Debug|Any CPU.Build.0 = Debug|Any CPU
		{FAF6F124-A0F7-4EF5-BB2D-A221204D4268}.Release|Any CPU.ActiveCfg = Release|Any CPU
		{FAF6F124-A0F7-4EF5-BB2D-A221204D4268}.Release|Any CPU.Build.0 = Release|Any CPU
		{C660D003-326C-4492-9C7E-60A086D8C547}.Debug|Any CPU.ActiveCfg = Debug|Any CPU
		{C660D003-326C-4492-9C7E-60A086D8C547}.Debug|Any CPU.Build.0 = Debug|Any CPU
		{C660D003-326C-4492-9C7E-60A086D8C547}.Release|Any CPU.ActiveCfg = Release|Any CPU
		{C660D003-326C-4492-9C7E-60A086D8C547}.Release|Any CPU.Build.0 = Release|Any CPU
		{E6B59625-91A0-4C4A-8678-F44A2290D3D7}.Debug|Any CPU.ActiveCfg = Debug|Any CPU
		{E6B59625-91A0-4C4A-8678-F44A2290D3D7}.Debug|Any CPU.Build.0 = Debug|Any CPU
		{E6B59625-91A0-4C4A-8678-F44A2290D3D7}.Release|Any CPU.ActiveCfg = Release|Any CPU
		{E6B59625-91A0-4C4A-8678-F44A2290D3D7}.Release|Any CPU.Build.0 = Release|Any CPU
		{E80E6A3D-55E5-4000-8070-0994579DEF4E}.Debug|Any CPU.ActiveCfg = Debug|Any CPU
		{E80E6A3D-55E5-4000-8070-0994579DEF4E}.Debug|Any CPU.Build.0 = Debug|Any CPU
		{E80E6A3D-55E5-4000-8070-0994579DEF4E}.Release|Any CPU.ActiveCfg = Release|Any CPU
		{E80E6A3D-55E5-4000-8070-0994579DEF4E}.Release|Any CPU.Build.0 = Release|Any CPU
		{9C92D23C-63D5-4F30-897B-471314659DB8}.Debug|Any CPU.ActiveCfg = Debug|Any CPU
		{9C92D23C-63D5-4F30-897B-471314659DB8}.Debug|Any CPU.Build.0 = Debug|Any CPU
		{9C92D23C-63D5-4F30-897B-471314659DB8}.Release|Any CPU.ActiveCfg = Release|Any CPU
		{9C92D23C-63D5-4F30-897B-471314659DB8}.Release|Any CPU.Build.0 = Release|Any CPU
		{44557715-92E7-44C7-A44C-32FF6CCF19D2}.Debug|Any CPU.ActiveCfg = Debug|Any CPU
		{44557715-92E7-44C7-A44C-32FF6CCF19D2}.Debug|Any CPU.Build.0 = Debug|Any CPU
		{44557715-92E7-44C7-A44C-32FF6CCF19D2}.Release|Any CPU.ActiveCfg = Release|Any CPU
		{44557715-92E7-44C7-A44C-32FF6CCF19D2}.Release|Any CPU.Build.0 = Release|Any CPU
		{2783ADB0-81CD-4BA2-8746-889FFB156FD0}.Debug|Any CPU.ActiveCfg = Debug|Any CPU
		{2783ADB0-81CD-4BA2-8746-889FFB156FD0}.Debug|Any CPU.Build.0 = Debug|Any CPU
		{2783ADB0-81CD-4BA2-8746-889FFB156FD0}.Release|Any CPU.ActiveCfg = Release|Any CPU
		{2783ADB0-81CD-4BA2-8746-889FFB156FD0}.Release|Any CPU.Build.0 = Release|Any CPU
		{6345DA52-BA28-4EA9-BC44-4E68F055EDF0}.Debug|Any CPU.ActiveCfg = Debug|Any CPU
		{6345DA52-BA28-4EA9-BC44-4E68F055EDF0}.Debug|Any CPU.Build.0 = Debug|Any CPU
		{6345DA52-BA28-4EA9-BC44-4E68F055EDF0}.Release|Any CPU.ActiveCfg = Release|Any CPU
		{6345DA52-BA28-4EA9-BC44-4E68F055EDF0}.Release|Any CPU.Build.0 = Release|Any CPU
		{EED65B64-30A8-4D53-BA40-EEC64A02BE4D}.Debug|Any CPU.ActiveCfg = Debug|Any CPU
		{EED65B64-30A8-4D53-BA40-EEC64A02BE4D}.Debug|Any CPU.Build.0 = Debug|Any CPU
		{EED65B64-30A8-4D53-BA40-EEC64A02BE4D}.Release|Any CPU.ActiveCfg = Release|Any CPU
		{EED65B64-30A8-4D53-BA40-EEC64A02BE4D}.Release|Any CPU.Build.0 = Release|Any CPU
		{F45005D9-53FD-424D-81F0-627DEC44CE8E}.Debug|Any CPU.ActiveCfg = Debug|Any CPU
		{F45005D9-53FD-424D-81F0-627DEC44CE8E}.Debug|Any CPU.Build.0 = Debug|Any CPU
		{F45005D9-53FD-424D-81F0-627DEC44CE8E}.Release|Any CPU.ActiveCfg = Release|Any CPU
		{F45005D9-53FD-424D-81F0-627DEC44CE8E}.Release|Any CPU.Build.0 = Release|Any CPU
		{1DF0F058-7191-48E4-BE7B-43643706F60E}.Debug|Any CPU.ActiveCfg = Debug|Any CPU
		{1DF0F058-7191-48E4-BE7B-43643706F60E}.Debug|Any CPU.Build.0 = Debug|Any CPU
		{1DF0F058-7191-48E4-BE7B-43643706F60E}.Release|Any CPU.ActiveCfg = Release|Any CPU
		{1DF0F058-7191-48E4-BE7B-43643706F60E}.Release|Any CPU.Build.0 = Release|Any CPU
		{03C20594-3315-48BF-8E41-4688BF9751A3}.Debug|Any CPU.ActiveCfg = Debug|Any CPU
		{03C20594-3315-48BF-8E41-4688BF9751A3}.Debug|Any CPU.Build.0 = Debug|Any CPU
		{03C20594-3315-48BF-8E41-4688BF9751A3}.Release|Any CPU.ActiveCfg = Release|Any CPU
		{03C20594-3315-48BF-8E41-4688BF9751A3}.Release|Any CPU.Build.0 = Release|Any CPU
		{21A7E7AF-BCD0-4E61-BB46-3D92FA3408CA}.Debug|Any CPU.ActiveCfg = Debug|Any CPU
		{21A7E7AF-BCD0-4E61-BB46-3D92FA3408CA}.Debug|Any CPU.Build.0 = Debug|Any CPU
		{21A7E7AF-BCD0-4E61-BB46-3D92FA3408CA}.Release|Any CPU.ActiveCfg = Release|Any CPU
		{21A7E7AF-BCD0-4E61-BB46-3D92FA3408CA}.Release|Any CPU.Build.0 = Release|Any CPU
		{B3E29715-A8F2-4A0E-BAAA-28BD1DC2E1D1}.Debug|Any CPU.ActiveCfg = Debug|Any CPU
		{B3E29715-A8F2-4A0E-BAAA-28BD1DC2E1D1}.Debug|Any CPU.Build.0 = Debug|Any CPU
		{B3E29715-A8F2-4A0E-BAAA-28BD1DC2E1D1}.Release|Any CPU.ActiveCfg = Release|Any CPU
		{B3E29715-A8F2-4A0E-BAAA-28BD1DC2E1D1}.Release|Any CPU.Build.0 = Release|Any CPU
		{5C1EB0DE-967D-43C5-A941-F1F17603B991}.Debug|Any CPU.ActiveCfg = Debug|Any CPU
		{5C1EB0DE-967D-43C5-A941-F1F17603B991}.Debug|Any CPU.Build.0 = Debug|Any CPU
		{5C1EB0DE-967D-43C5-A941-F1F17603B991}.Release|Any CPU.ActiveCfg = Release|Any CPU
		{5C1EB0DE-967D-43C5-A941-F1F17603B991}.Release|Any CPU.Build.0 = Release|Any CPU
		{3D7AB200-CC10-4551-A350-14FA20C60E95}.Debug|Any CPU.ActiveCfg = Debug|Any CPU
		{3D7AB200-CC10-4551-A350-14FA20C60E95}.Debug|Any CPU.Build.0 = Debug|Any CPU
		{3D7AB200-CC10-4551-A350-14FA20C60E95}.Release|Any CPU.ActiveCfg = Release|Any CPU
		{3D7AB200-CC10-4551-A350-14FA20C60E95}.Release|Any CPU.Build.0 = Release|Any CPU
		{D7F52BF6-6136-4C06-BD56-ED862563C2D8}.Debug|Any CPU.ActiveCfg = Debug|Any CPU
		{D7F52BF6-6136-4C06-BD56-ED862563C2D8}.Debug|Any CPU.Build.0 = Debug|Any CPU
		{D7F52BF6-6136-4C06-BD56-ED862563C2D8}.Release|Any CPU.ActiveCfg = Release|Any CPU
		{D7F52BF6-6136-4C06-BD56-ED862563C2D8}.Release|Any CPU.Build.0 = Release|Any CPU
		{39F8A910-CF0C-4FC2-BECF-4BD639A30925}.Debug|Any CPU.ActiveCfg = Debug|Any CPU
		{39F8A910-CF0C-4FC2-BECF-4BD639A30925}.Debug|Any CPU.Build.0 = Debug|Any CPU
		{39F8A910-CF0C-4FC2-BECF-4BD639A30925}.Release|Any CPU.ActiveCfg = Release|Any CPU
		{39F8A910-CF0C-4FC2-BECF-4BD639A30925}.Release|Any CPU.Build.0 = Release|Any CPU
		{1726ACE7-F4B2-44A7-8E26-C31329C8DD20}.Debug|Any CPU.ActiveCfg = Debug|Any CPU
		{1726ACE7-F4B2-44A7-8E26-C31329C8DD20}.Debug|Any CPU.Build.0 = Debug|Any CPU
		{1726ACE7-F4B2-44A7-8E26-C31329C8DD20}.Release|Any CPU.ActiveCfg = Release|Any CPU
		{1726ACE7-F4B2-44A7-8E26-C31329C8DD20}.Release|Any CPU.Build.0 = Release|Any CPU
		{D1F875FB-BDF3-4FFE-92EB-1F3C534C7F5A}.Debug|Any CPU.ActiveCfg = Debug|Any CPU
		{D1F875FB-BDF3-4FFE-92EB-1F3C534C7F5A}.Debug|Any CPU.Build.0 = Debug|Any CPU
		{D1F875FB-BDF3-4FFE-92EB-1F3C534C7F5A}.Release|Any CPU.ActiveCfg = Release|Any CPU
		{D1F875FB-BDF3-4FFE-92EB-1F3C534C7F5A}.Release|Any CPU.Build.0 = Release|Any CPU
		{D7A76EB9-11B2-46BC-8EF6-E051F3A3BE27}.Debug|Any CPU.ActiveCfg = Debug|Any CPU
		{D7A76EB9-11B2-46BC-8EF6-E051F3A3BE27}.Debug|Any CPU.Build.0 = Debug|Any CPU
		{D7A76EB9-11B2-46BC-8EF6-E051F3A3BE27}.Release|Any CPU.ActiveCfg = Release|Any CPU
		{D7A76EB9-11B2-46BC-8EF6-E051F3A3BE27}.Release|Any CPU.Build.0 = Release|Any CPU
		{2A080B49-EC40-4D63-AA9B-8612E7A4046E}.Debug|Any CPU.ActiveCfg = Debug|Any CPU
		{2A080B49-EC40-4D63-AA9B-8612E7A4046E}.Debug|Any CPU.Build.0 = Debug|Any CPU
		{2A080B49-EC40-4D63-AA9B-8612E7A4046E}.Release|Any CPU.ActiveCfg = Release|Any CPU
		{2A080B49-EC40-4D63-AA9B-8612E7A4046E}.Release|Any CPU.Build.0 = Release|Any CPU
		{46C261E8-CBB1-45AD-878A-286A590A70A3}.Debug|Any CPU.ActiveCfg = Debug|Any CPU
		{46C261E8-CBB1-45AD-878A-286A590A70A3}.Debug|Any CPU.Build.0 = Debug|Any CPU
		{46C261E8-CBB1-45AD-878A-286A590A70A3}.Release|Any CPU.ActiveCfg = Release|Any CPU
		{46C261E8-CBB1-45AD-878A-286A590A70A3}.Release|Any CPU.Build.0 = Release|Any CPU
		{EF2ACEBB-AE66-4C67-A1D8-3D08F8CDBFD2}.Debug|Any CPU.ActiveCfg = Debug|Any CPU
		{EF2ACEBB-AE66-4C67-A1D8-3D08F8CDBFD2}.Debug|Any CPU.Build.0 = Debug|Any CPU
		{EF2ACEBB-AE66-4C67-A1D8-3D08F8CDBFD2}.Release|Any CPU.ActiveCfg = Release|Any CPU
		{EF2ACEBB-AE66-4C67-A1D8-3D08F8CDBFD2}.Release|Any CPU.Build.0 = Release|Any CPU
		{08B61B05-6FF5-4FCF-A8D9-B9F66BF34EEA}.Debug|Any CPU.ActiveCfg = Debug|Any CPU
		{08B61B05-6FF5-4FCF-A8D9-B9F66BF34EEA}.Debug|Any CPU.Build.0 = Debug|Any CPU
		{08B61B05-6FF5-4FCF-A8D9-B9F66BF34EEA}.Release|Any CPU.ActiveCfg = Release|Any CPU
		{08B61B05-6FF5-4FCF-A8D9-B9F66BF34EEA}.Release|Any CPU.Build.0 = Release|Any CPU
		{83B10792-9751-4F70-B60E-07D6B1707EE6}.Debug|Any CPU.ActiveCfg = Debug|Any CPU
		{83B10792-9751-4F70-B60E-07D6B1707EE6}.Debug|Any CPU.Build.0 = Debug|Any CPU
		{83B10792-9751-4F70-B60E-07D6B1707EE6}.Release|Any CPU.ActiveCfg = Release|Any CPU
		{83B10792-9751-4F70-B60E-07D6B1707EE6}.Release|Any CPU.Build.0 = Release|Any CPU
		{69C6E307-FFD0-4A3A-B72A-C8C59C9D8E74}.Debug|Any CPU.ActiveCfg = Debug|Any CPU
		{69C6E307-FFD0-4A3A-B72A-C8C59C9D8E74}.Debug|Any CPU.Build.0 = Debug|Any CPU
		{69C6E307-FFD0-4A3A-B72A-C8C59C9D8E74}.Release|Any CPU.ActiveCfg = Release|Any CPU
		{69C6E307-FFD0-4A3A-B72A-C8C59C9D8E74}.Release|Any CPU.Build.0 = Release|Any CPU
		{756743D7-510C-4BEF-8936-C56619A2A24B}.Debug|Any CPU.ActiveCfg = Debug|Any CPU
		{756743D7-510C-4BEF-8936-C56619A2A24B}.Debug|Any CPU.Build.0 = Debug|Any CPU
		{756743D7-510C-4BEF-8936-C56619A2A24B}.Release|Any CPU.ActiveCfg = Release|Any CPU
		{756743D7-510C-4BEF-8936-C56619A2A24B}.Release|Any CPU.Build.0 = Release|Any CPU
		{2D8429A3-5627-41B8-BAAB-463E69E2BE9D}.Debug|Any CPU.ActiveCfg = Debug|Any CPU
		{2D8429A3-5627-41B8-BAAB-463E69E2BE9D}.Debug|Any CPU.Build.0 = Debug|Any CPU
		{2D8429A3-5627-41B8-BAAB-463E69E2BE9D}.Release|Any CPU.ActiveCfg = Release|Any CPU
		{2D8429A3-5627-41B8-BAAB-463E69E2BE9D}.Release|Any CPU.Build.0 = Release|Any CPU
		{CF8E5180-1389-4592-9B41-581855BF3C82}.Debug|Any CPU.ActiveCfg = Debug|Any CPU
		{CF8E5180-1389-4592-9B41-581855BF3C82}.Debug|Any CPU.Build.0 = Debug|Any CPU
		{CF8E5180-1389-4592-9B41-581855BF3C82}.Release|Any CPU.ActiveCfg = Release|Any CPU
		{CF8E5180-1389-4592-9B41-581855BF3C82}.Release|Any CPU.Build.0 = Release|Any CPU
		{0270083F-663E-457F-919F-5D1EBE07B8DD}.Debug|Any CPU.ActiveCfg = Debug|Any CPU
		{0270083F-663E-457F-919F-5D1EBE07B8DD}.Debug|Any CPU.Build.0 = Debug|Any CPU
		{0270083F-663E-457F-919F-5D1EBE07B8DD}.Release|Any CPU.ActiveCfg = Release|Any CPU
		{0270083F-663E-457F-919F-5D1EBE07B8DD}.Release|Any CPU.Build.0 = Release|Any CPU
		{4EAC2C21-0657-4BFA-B805-2F4C2C0B554E}.Debug|Any CPU.ActiveCfg = Debug|Any CPU
		{4EAC2C21-0657-4BFA-B805-2F4C2C0B554E}.Debug|Any CPU.Build.0 = Debug|Any CPU
		{4EAC2C21-0657-4BFA-B805-2F4C2C0B554E}.Release|Any CPU.ActiveCfg = Release|Any CPU
		{4EAC2C21-0657-4BFA-B805-2F4C2C0B554E}.Release|Any CPU.Build.0 = Release|Any CPU
		{8F13D69A-8514-4BA7-9CD0-71DC968A9E00}.Debug|Any CPU.ActiveCfg = Debug|Any CPU
		{8F13D69A-8514-4BA7-9CD0-71DC968A9E00}.Debug|Any CPU.Build.0 = Debug|Any CPU
		{8F13D69A-8514-4BA7-9CD0-71DC968A9E00}.Release|Any CPU.ActiveCfg = Release|Any CPU
		{8F13D69A-8514-4BA7-9CD0-71DC968A9E00}.Release|Any CPU.Build.0 = Release|Any CPU
		{DCEC76D7-D81E-461B-9D16-E7C56FCE6897}.Debug|Any CPU.ActiveCfg = Debug|Any CPU
		{DCEC76D7-D81E-461B-9D16-E7C56FCE6897}.Debug|Any CPU.Build.0 = Debug|Any CPU
		{DCEC76D7-D81E-461B-9D16-E7C56FCE6897}.Release|Any CPU.ActiveCfg = Release|Any CPU
		{DCEC76D7-D81E-461B-9D16-E7C56FCE6897}.Release|Any CPU.Build.0 = Release|Any CPU
		{B45C1CB3-3F35-4E10-A5E4-FFFC94FF2956}.Debug|Any CPU.ActiveCfg = Debug|Any CPU
		{B45C1CB3-3F35-4E10-A5E4-FFFC94FF2956}.Debug|Any CPU.Build.0 = Debug|Any CPU
		{B45C1CB3-3F35-4E10-A5E4-FFFC94FF2956}.Release|Any CPU.ActiveCfg = Release|Any CPU
		{B45C1CB3-3F35-4E10-A5E4-FFFC94FF2956}.Release|Any CPU.Build.0 = Release|Any CPU
		{5654D9A1-3C45-4E8C-8EE8-B6C15449CCB8}.Debug|Any CPU.ActiveCfg = Debug|Any CPU
		{5654D9A1-3C45-4E8C-8EE8-B6C15449CCB8}.Debug|Any CPU.Build.0 = Debug|Any CPU
		{5654D9A1-3C45-4E8C-8EE8-B6C15449CCB8}.Release|Any CPU.ActiveCfg = Release|Any CPU
		{5654D9A1-3C45-4E8C-8EE8-B6C15449CCB8}.Release|Any CPU.Build.0 = Release|Any CPU
		{C4977983-D1E0-42D2-BEA1-4972037A31F2}.Debug|Any CPU.ActiveCfg = Debug|Any CPU
		{C4977983-D1E0-42D2-BEA1-4972037A31F2}.Debug|Any CPU.Build.0 = Debug|Any CPU
		{C4977983-D1E0-42D2-BEA1-4972037A31F2}.Release|Any CPU.ActiveCfg = Release|Any CPU
		{C4977983-D1E0-42D2-BEA1-4972037A31F2}.Release|Any CPU.Build.0 = Release|Any CPU
		{EF524D00-8EB7-4AD1-B9E3-AF48694047D3}.Debug|Any CPU.ActiveCfg = Debug|Any CPU
		{EF524D00-8EB7-4AD1-B9E3-AF48694047D3}.Debug|Any CPU.Build.0 = Debug|Any CPU
		{EF524D00-8EB7-4AD1-B9E3-AF48694047D3}.Release|Any CPU.ActiveCfg = Release|Any CPU
		{EF524D00-8EB7-4AD1-B9E3-AF48694047D3}.Release|Any CPU.Build.0 = Release|Any CPU
		{C9E7AE79-4A2C-475D-BDBF-3C5789C7D735}.Debug|Any CPU.ActiveCfg = Debug|Any CPU
		{C9E7AE79-4A2C-475D-BDBF-3C5789C7D735}.Debug|Any CPU.Build.0 = Debug|Any CPU
		{C9E7AE79-4A2C-475D-BDBF-3C5789C7D735}.Release|Any CPU.ActiveCfg = Release|Any CPU
		{C9E7AE79-4A2C-475D-BDBF-3C5789C7D735}.Release|Any CPU.Build.0 = Release|Any CPU
		{CB6BF01C-BFF2-42CC-B9F8-B45C677D3AFF}.Debug|Any CPU.ActiveCfg = Debug|Any CPU
		{CB6BF01C-BFF2-42CC-B9F8-B45C677D3AFF}.Debug|Any CPU.Build.0 = Debug|Any CPU
		{CB6BF01C-BFF2-42CC-B9F8-B45C677D3AFF}.Release|Any CPU.ActiveCfg = Release|Any CPU
		{CB6BF01C-BFF2-42CC-B9F8-B45C677D3AFF}.Release|Any CPU.Build.0 = Release|Any CPU
		{5EB017C3-EE41-4BEE-87B8-FFBB2D1BCD64}.Debug|Any CPU.ActiveCfg = Debug|Any CPU
		{5EB017C3-EE41-4BEE-87B8-FFBB2D1BCD64}.Debug|Any CPU.Build.0 = Debug|Any CPU
		{5EB017C3-EE41-4BEE-87B8-FFBB2D1BCD64}.Release|Any CPU.ActiveCfg = Release|Any CPU
		{5EB017C3-EE41-4BEE-87B8-FFBB2D1BCD64}.Release|Any CPU.Build.0 = Release|Any CPU
		{94B981AB-53D4-425B-AE20-8805B0888B60}.Debug|Any CPU.ActiveCfg = Debug|Any CPU
		{94B981AB-53D4-425B-AE20-8805B0888B60}.Debug|Any CPU.Build.0 = Debug|Any CPU
		{94B981AB-53D4-425B-AE20-8805B0888B60}.Release|Any CPU.ActiveCfg = Release|Any CPU
		{94B981AB-53D4-425B-AE20-8805B0888B60}.Release|Any CPU.Build.0 = Release|Any CPU
		{5B3EE2D5-4ED9-42D2-AABC-8EC07BD91017}.Debug|Any CPU.ActiveCfg = Debug|Any CPU
		{5B3EE2D5-4ED9-42D2-AABC-8EC07BD91017}.Debug|Any CPU.Build.0 = Debug|Any CPU
		{5B3EE2D5-4ED9-42D2-AABC-8EC07BD91017}.Release|Any CPU.ActiveCfg = Release|Any CPU
		{5B3EE2D5-4ED9-42D2-AABC-8EC07BD91017}.Release|Any CPU.Build.0 = Release|Any CPU
		{E026228A-91B3-4AB0-8B1A-8382C6B76672}.Debug|Any CPU.ActiveCfg = Debug|Any CPU
		{E026228A-91B3-4AB0-8B1A-8382C6B76672}.Debug|Any CPU.Build.0 = Debug|Any CPU
		{E026228A-91B3-4AB0-8B1A-8382C6B76672}.Release|Any CPU.ActiveCfg = Release|Any CPU
		{E026228A-91B3-4AB0-8B1A-8382C6B76672}.Release|Any CPU.Build.0 = Release|Any CPU
		{94F005EA-694D-418A-ACFF-E0727BE0374B}.Debug|Any CPU.ActiveCfg = Debug|Any CPU
		{94F005EA-694D-418A-ACFF-E0727BE0374B}.Debug|Any CPU.Build.0 = Debug|Any CPU
		{94F005EA-694D-418A-ACFF-E0727BE0374B}.Release|Any CPU.ActiveCfg = Release|Any CPU
		{94F005EA-694D-418A-ACFF-E0727BE0374B}.Release|Any CPU.Build.0 = Release|Any CPU
		{D10332CD-E82B-4314-BDFF-9FCDC91935C9}.Debug|Any CPU.ActiveCfg = Debug|Any CPU
		{D10332CD-E82B-4314-BDFF-9FCDC91935C9}.Debug|Any CPU.Build.0 = Debug|Any CPU
		{D10332CD-E82B-4314-BDFF-9FCDC91935C9}.Release|Any CPU.ActiveCfg = Release|Any CPU
		{D10332CD-E82B-4314-BDFF-9FCDC91935C9}.Release|Any CPU.Build.0 = Release|Any CPU
		{A2729DC7-F538-4024-BA49-EB3AC258A99C}.Debug|Any CPU.ActiveCfg = Debug|Any CPU
		{A2729DC7-F538-4024-BA49-EB3AC258A99C}.Debug|Any CPU.Build.0 = Debug|Any CPU
		{A2729DC7-F538-4024-BA49-EB3AC258A99C}.Release|Any CPU.ActiveCfg = Release|Any CPU
		{A2729DC7-F538-4024-BA49-EB3AC258A99C}.Release|Any CPU.Build.0 = Release|Any CPU
	EndGlobalSection
	GlobalSection(SolutionProperties) = preSolution
		HideSolutionNode = FALSE
	EndGlobalSection
EndGlobal
